// !$*UTF8*$!
{
	archiveVersion = 1;
	classes = {
	};
	objectVersion = 56;
	objects = {

/* Begin PBXBuildFile section */
		04C42AD9B8657A3924158DE2 /* ContentView.swift in Sources */ = {isa = PBXBuildFile; fileRef = 860647CBF168ADB4692AFB63 /* ContentView.swift */; };
		0C0D0E0F1011121314151617 /* XCTest.framework in Frameworks */ = {isa = PBXBuildFile; fileRef = 0C0D0E0F1011121314151607 /* XCTest.framework */; };
		21D2DE1178C6759287E735C5 /* CodeView.swift in Sources */ = {isa = PBXBuildFile; fileRef = 55E3A065B775ACFE729BDE15 /* CodeView.swift */; };
		2DD3FEAD2ABF97565DA77A2C /* AppDelegate.swift in Sources */ = {isa = PBXBuildFile; fileRef = 753F94AD7ABEFFC057AAA2DE /* AppDelegate.swift */; };
		374B0AA0DBFB3768D498AD14 /* HotkeyManager.swift in Sources */ = {isa = PBXBuildFile; fileRef = 031B5AD657BAE17A14E65A87 /* HotkeyManager.swift */; };
		3A2E710F92BB390B19278C21 /* Constants.swift in Sources */ = {isa = PBXBuildFile; fileRef = 94269EDF755E0DD605801286 /* Constants.swift */; };
		598A4CD295296410FDE95ABE /* FileDetector.swift in Sources */ = {isa = PBXBuildFile; fileRef = C61407483B4F8F25CF2BA6C7 /* FileDetector.swift */; };
		641CE1BE77D1A872196AB165 /* FileTypeClassifier.swift in Sources */ = {isa = PBXBuildFile; fileRef = A7AA2E8A55B09BC0FF2E83A0 /* FileTypeClassifier.swift */; };
		71D913A0ECB64193A25A4044 /* MarkdownTextView.swift in Sources */ = {isa = PBXBuildFile; fileRef = 460FA400CC4F4F828DB39EFA /* MarkdownTextView.swift */; };
		835FB6102FCA94E800D2395C /* MarkdownUI in Frameworks */ = {isa = PBXBuildFile; productRef = 835FB60F2FCA94E800D2395C /* MarkdownUI */; };
		835FB6132FCA950400D2395C /* Highlightr in Frameworks */ = {isa = PBXBuildFile; productRef = 835FB6122FCA950400D2395C /* Highlightr */; };
		835FB6162FCA950400D2395D /* HighlightCache.swift in Sources */ = {isa = PBXBuildFile; fileRef = 835FB6152FCA950400D2395D /* HighlightCache.swift */; };
		835FB6182FCA950400D2395E /* HighlightrCodeSyntaxHighlighter.swift in Sources */ = {isa = PBXBuildFile; fileRef = 835FB6172FCA950400D2395E /* HighlightrCodeSyntaxHighlighter.swift */; };
		835FB69A2FCA950400D23999 /* FileChunkReader.swift in Sources */ = {isa = PBXBuildFile; fileRef = 835FB6992FCA950400D23999 /* FileChunkReader.swift */; };
		A1B2C3010000000000000001 /* MarkdownBlockStreamParser.swift in Sources */ = {isa = PBXBuildFile; fileRef = A1B2C3010000000000000011 /* MarkdownBlockStreamParser.swift */; };
		A1B2C3010000000000000002 /* MarkdownFileStreamReader.swift in Sources */ = {isa = PBXBuildFile; fileRef = A1B2C3010000000000000012 /* MarkdownFileStreamReader.swift */; };
		A1B2C3010000000000000003 /* MarkdownHTMLShell.swift in Sources */ = {isa = PBXBuildFile; fileRef = A1B2C3010000000000000013 /* MarkdownHTMLShell.swift */; };
		A1B2C3010000000000000004 /* MarkdownImageProbe.swift in Sources */ = {isa = PBXBuildFile; fileRef = A1B2C3010000000000000014 /* MarkdownImageProbe.swift */; };
		A1B2C3010000000000000005 /* MarkdownPreprocessor.swift in Sources */ = {isa = PBXBuildFile; fileRef = A1B2C3010000000000000015 /* MarkdownPreprocessor.swift */; };
		A1B2C3010000000000000006 /* MarkdownPreviewBridge.swift in Sources */ = {isa = PBXBuildFile; fileRef = A1B2C3010000000000000016 /* MarkdownPreviewBridge.swift */; };
		A1B2C3010000000000000007 /* MarkdownPreviewPolicy.swift in Sources */ = {isa = PBXBuildFile; fileRef = A1B2C3010000000000000017 /* MarkdownPreviewPolicy.swift */; };
		A1B2C3010000000000000008 /* MarkdownRenderBlock.swift in Sources */ = {isa = PBXBuildFile; fileRef = A1B2C3010000000000000018 /* MarkdownRenderBlock.swift */; };
		A1B2C3010000000000000009 /* MarkdownRenderSnapshot.swift in Sources */ = {isa = PBXBuildFile; fileRef = A1B2C3010000000000000019 /* MarkdownRenderSnapshot.swift */; };
		A1B2C301000000000000000A /* MarkdownViewportPlanner.swift in Sources */ = {isa = PBXBuildFile; fileRef = A1B2C301000000000000001A /* MarkdownViewportPlanner.swift */; };
		A1B2C301000000000000000B /* MarkdownRendererRuntime.swift in Sources */ = {isa = PBXBuildFile; fileRef = A1B2C301000000000000001B /* MarkdownRendererRuntime.swift */; };
		A1B2C301000000000000000D /* MarkdownPreviewSession.swift in Sources */ = {isa = PBXBuildFile; fileRef = A1B2C301000000000000001D /* MarkdownPreviewSession.swift */; };
		A1B2C301000000000000000E /* MarkdownPreviewController.swift in Sources */ = {isa = PBXBuildFile; fileRef = A1B2C301000000000000001E /* MarkdownPreviewController.swift */; };
		A1B2C301000000000000000F /* PreviewRuntimeRegistry.swift in Sources */ = {isa = PBXBuildFile; fileRef = A1B2C301000000000000001F /* PreviewRuntimeRegistry.swift */; };
		A1B2C3010000000000000010 /* WebKitRuntime.swift in Sources */ = {isa = PBXBuildFile; fileRef = A1B2C3010000000000000020 /* WebKitRuntime.swift */; };
		A1B2C3010000000000000039 /* PreviewRuntimeContract.swift in Sources */ = {isa = PBXBuildFile; fileRef = A1B2C301000000000000003A /* PreviewRuntimeContract.swift */; };
		A1B2C3010000000000000023 /* FinderSyncMonitoringPolicy.swift in Sources */ = {isa = PBXBuildFile; fileRef = A1B2C3010000000000000024 /* FinderSyncMonitoringPolicy.swift */; };
		A1B2C3010000000000000025 /* FinderSyncMonitoringPolicy.swift in Sources */ = {isa = PBXBuildFile; fileRef = A1B2C3010000000000000024 /* FinderSyncMonitoringPolicy.swift */; };
		A1B2C3010000000000000030 /* PreviewLaunchRequest.swift in Sources */ = {isa = PBXBuildFile; fileRef = A1B2C3010000000000000031 /* PreviewLaunchRequest.swift */; };
		A1B2C3010000000000000033 /* PreviewTarget.swift in Sources */ = {isa = PBXBuildFile; fileRef = A1B2C3010000000000000034 /* PreviewTarget.swift */; };
		A1B2C3010000000000000035 /* PreviewTargetResolver.swift in Sources */ = {isa = PBXBuildFile; fileRef = A1B2C3010000000000000036 /* PreviewTargetResolver.swift */; };
		A1B2C3010000000000000037 /* PreviewSession.swift in Sources */ = {isa = PBXBuildFile; fileRef = A1B2C3010000000000000038 /* PreviewSession.swift */; };
		A1B2C3010000000000000042 /* PreviewContentLoadCoordinator.swift in Sources */ = {isa = PBXBuildFile; fileRef = A1B2C3010000000000000043 /* PreviewContentLoadCoordinator.swift */; };
		A1B2C3010000000000000044 /* PreviewContentIdentity.swift in Sources */ = {isa = PBXBuildFile; fileRef = A1B2C3010000000000000045 /* PreviewContentIdentity.swift */; };
		A1B2C301000000000000003D /* PreviewCoordinator.swift in Sources */ = {isa = PBXBuildFile; fileRef = A1B2C301000000000000003E /* PreviewCoordinator.swift */; };
		A1B2C3010000000000000040 /* FinderSelectionRefresh.swift in Sources */ = {isa = PBXBuildFile; fileRef = A1B2C3010000000000000041 /* FinderSelectionRefresh.swift */; };
		A1B2C3010000000000000046 /* PreviewNavigationContext.swift in Sources */ = {isa = PBXBuildFile; fileRef = A1B2C3010000000000000047 /* PreviewNavigationContext.swift */; };
		8EA7E2FA49A52C6CB2AE5A5E /* EditorView.swift in Sources */ = {isa = PBXBuildFile; fileRef = 391364AE6149F12AED4BFFFC /* EditorView.swift */; };
		835FB7022FCA950400D23AAB /* UnsupportedFileView.swift in Sources */ = {isa = PBXBuildFile; fileRef = 835FB7012FCA950400D23AAA /* UnsupportedFileView.swift */; };
		962C8A503D0B4CA6963E2B94 /* QuickLookOverlay.swift in Sources */ = {isa = PBXBuildFile; fileRef = B76F46CEB24C42779E84EBBE /* QuickLookOverlay.swift */; };
		A23C977659B0910F9D58A41B /* FileUtils.swift in Sources */ = {isa = PBXBuildFile; fileRef = 8CB74C8B4C3A792598259E87 /* FileUtils.swift */; };
		AAA111111111111111111111 /* QuickCookiesApp.swift in Sources */ = {isa = PBXBuildFile; fileRef = BBB222222222222222222222 /* QuickCookiesApp.swift */; };
		AST141414141414141414141 /* Assets.xcassets in Resources */ = {isa = PBXBuildFile; fileRef = AST141414141414141414142 /* Assets.xcassets */; };
		C2B47F163AC772A6BD9CD6B5 /* SettingsWindow.swift in Sources */ = {isa = PBXBuildFile; fileRef = B87D7CAF1B4B8FAFF363B543 /* SettingsWindow.swift */; };
		CC3B6172EFBB3884582E6DB9 /* MarkdownView.swift in Sources */ = {isa = PBXBuildFile; fileRef = 6240A15DD8E31603B40D6CC6 /* MarkdownView.swift */; };
		D02C04567F8A13B8EE46D917 /* ToastView.swift in Sources */ = {isa = PBXBuildFile; fileRef = CC8B9C87C1019A1BEC529314 /* ToastView.swift */; };
		D02C04567F8A13B8EE46D927 /* CustomAlert.swift in Sources */ = {isa = PBXBuildFile; fileRef = CC8B9C87C1019A1BEC529324 /* CustomAlert.swift */; };
		D89BC4645FD2337D32C9072C /* EncodingDetector.swift in Sources */ = {isa = PBXBuildFile; fileRef = 2724C2DCD3C66C24CC15D6E7 /* EncodingDetector.swift */; };
		DA83EA46F6AB177473BC0393 /* Settings.swift in Sources */ = {isa = PBXBuildFile; fileRef = D643EEA9D20E7A954D49ED4C /* Settings.swift */; };
		FC17D463B0B7C2B8817DCA5B /* SyntaxHighlighter.swift in Sources */ = {isa = PBXBuildFile; fileRef = 4282BAE5CE686021AF7F3F5C /* SyntaxHighlighter.swift */; };
		FILWATCHBLD00000000000001 /* FileWatcher.swift in Sources */ = {isa = PBXBuildFile; fileRef = FILWATCHREF00000000000001 /* FileWatcher.swift */; };
		FMI000000000000000000001 /* FinderMenuIntegration.swift in Sources */ = {isa = PBXBuildFile; fileRef = FMI000000000000000000002 /* FinderMenuIntegration.swift */; };
		FSB000000000000000000001 /* QuickCookiesFinderSync.swift in Sources */ = {isa = PBXBuildFile; fileRef = FSS000000000000000000001 /* QuickCookiesFinderSync.swift */; };
		FSB000000000000000000002 /* QuickCookiesFinderSync.appex in CopyFiles */ = {isa = PBXBuildFile; fileRef = FSE555555555555555555555 /* QuickCookiesFinderSync.appex */; settings = {ATTRIBUTES = (RemoveHeadersOnCopy, ); }; };
		TSTBLD000000000000000001 /* EncodingDetectorTests.swift in Sources */ = {isa = PBXBuildFile; fileRef = TSTREF000000000000000001 /* EncodingDetectorTests.swift */; };
		TSTBLD000000000000000002 /* FileTypeClassifierTests.swift in Sources */ = {isa = PBXBuildFile; fileRef = TSTREF000000000000000002 /* FileTypeClassifierTests.swift */; };
		TSTBLD000000000000000003 /* FileChunkReaderTests.swift in Sources */ = {isa = PBXBuildFile; fileRef = TSTREF000000000000000003 /* FileChunkReaderTests.swift */; };
		TSTBLD000000000000000004 /* FileUtilsTests.swift in Sources */ = {isa = PBXBuildFile; fileRef = TSTREF000000000000000004 /* FileUtilsTests.swift */; };
		TSTBLD000000000000000005 /* MarkdownViewportPlannerTests.swift in Sources */ = {isa = PBXBuildFile; fileRef = TSTREF000000000000000005 /* MarkdownViewportPlannerTests.swift */; };
		TSTBLD000000000000000006 /* MarkdownRenderSnapshotTests.swift in Sources */ = {isa = PBXBuildFile; fileRef = TSTREF000000000000000006 /* MarkdownRenderSnapshotTests.swift */; };
		TSTBLD000000000000000007 /* MarkdownPreviewSessionTests.swift in Sources */ = {isa = PBXBuildFile; fileRef = TSTREF000000000000000007 /* MarkdownPreviewSessionTests.swift */; };
		TSTBLD000000000000000008 /* WebKitRuntimeTests.swift in Sources */ = {isa = PBXBuildFile; fileRef = TSTREF000000000000000008 /* WebKitRuntimeTests.swift */; };
		TSTBLD000000000000000009 /* MarkdownPreviewControllerTests.swift in Sources */ = {isa = PBXBuildFile; fileRef = TSTREF000000000000000009 /* MarkdownPreviewControllerTests.swift */; };
		TSTBLD000000000000000010 /* QuickLookOverlayStateTests.swift in Sources */ = {isa = PBXBuildFile; fileRef = TSTREF000000000000000010 /* QuickLookOverlayStateTests.swift */; };
		TSTBLD000000000000000011 /* PreviewLaunchRequestTests.swift in Sources */ = {isa = PBXBuildFile; fileRef = TSTREF000000000000000011 /* PreviewLaunchRequestTests.swift */; };
		TSTBLD000000000000000012 /* PreviewTargetTests.swift in Sources */ = {isa = PBXBuildFile; fileRef = TSTREF000000000000000012 /* PreviewTargetTests.swift */; };
		TSTBLD000000000000000013 /* PreviewSessionTests.swift in Sources */ = {isa = PBXBuildFile; fileRef = TSTREF000000000000000013 /* PreviewSessionTests.swift */; };
		TSTBLD000000000000000014 /* PreviewCoordinatorTests.swift in Sources */ = {isa = PBXBuildFile; fileRef = TSTREF000000000000000014 /* PreviewCoordinatorTests.swift */; };
		TSTBLD000000000000000015 /* PreviewContentLoadCoordinatorTests.swift in Sources */ = {isa = PBXBuildFile; fileRef = TSTREF000000000000000015 /* PreviewContentLoadCoordinatorTests.swift */; };
		TSTBLD000000000000000016 /* PreviewContentIdentityTests.swift in Sources */ = {isa = PBXBuildFile; fileRef = TSTREF000000000000000016 /* PreviewContentIdentityTests.swift */; };
		TSTBLD000000000000000017 /* PreviewLoadStateTests.swift in Sources */ = {isa = PBXBuildFile; fileRef = TSTREF000000000000000017 /* PreviewLoadStateTests.swift */; };
		TSTBLD000000000000000018 /* PreviewDisplayStateResolverTests.swift in Sources */ = {isa = PBXBuildFile; fileRef = TSTREF000000000000000018 /* PreviewDisplayStateResolverTests.swift */; };
		TSTBLD000000000000000019 /* PreviewNavigationContextTests.swift in Sources */ = {isa = PBXBuildFile; fileRef = TSTREF000000000000000019 /* PreviewNavigationContextTests.swift */; };
		TSTBLD00000000000000001A /* PreviewVisualBaselineCaptureTests.swift in Sources */ = {isa = PBXBuildFile; fileRef = TSTREF00000000000000001A /* PreviewVisualBaselineCaptureTests.swift */; };
		TSTBLD00000000000000001B /* FinderSelectionPathProviderTests.swift in Sources */ = {isa = PBXBuildFile; fileRef = TSTREF00000000000000001B /* FinderSelectionPathProviderTests.swift */; };
		TSTBLD00000000000000001C /* FinderMenuIntegrationTests.swift in Sources */ = {isa = PBXBuildFile; fileRef = TSTREF00000000000000001C /* FinderMenuIntegrationTests.swift */; };
		MEDPREVBLD00000000000001 /* MediaPreviewView.swift in Sources */ = {isa = PBXBuildFile; fileRef = MEDPREVREF00000000000001 /* MediaPreviewView.swift */; };
		ONBOARDBLD00000000000001 /* OnboardingView.swift in Sources */ = {isa = PBXBuildFile; fileRef = ONBOARDREF00000000000001 /* OnboardingView.swift */; };
		FNT141414141414141414141 /* Fonts in Resources */ = {isa = PBXBuildFile; fileRef = FNT141414141414141414142 /* Fonts */; };
		835FBA022FCA950400D23A02 /* OfficePreviewView.swift in Sources */ = {isa = PBXBuildFile; fileRef = 835FBA012FCA950400D23A01 /* OfficePreviewView.swift */; };
		835FBA042FCA950400D23A04 /* MarkedJS.swift in Sources */ = {isa = PBXBuildFile; fileRef = 835FBA032FCA950400D23A03 /* MarkedJS.swift */; };
		835FBA062FCA950400D23A06 /* MarkdownPDFExporter.swift in Sources */ = {isa = PBXBuildFile; fileRef = 835FBA052FCA950400D23A05 /* MarkdownPDFExporter.swift */; };
/* End PBXBuildFile section */

/* Begin PBXContainerItemProxy section */
		83C89CCA2FCC5097006FBCE5 /* PBXContainerItemProxy */ = {
			isa = PBXContainerItemProxy;
			containerPortal = TTT202020202020202020202 /* Project object */;
			proxyType = 1;
			remoteGlobalIDString = FST171717171717171717171;
			remoteInfo = QuickCookiesFinderSync;
		};
		TSTPRX000000000000000001 /* PBXContainerItemProxy */ = {
			isa = PBXContainerItemProxy;
			containerPortal = TTT202020202020202020202 /* Project object */;
			proxyType = 1;
			remoteGlobalIDString = QQQ171717171717171717171;
			remoteInfo = QuickCookies;
		};
/* End PBXContainerItemProxy section */

/* Begin PBXCopyFilesBuildPhase section */
		APPCOPYSYNC0000000000001 /* CopyFiles */ = {
			isa = PBXCopyFilesBuildPhase;
			buildActionMask = 2147483647;
			dstPath = "";
			dstSubfolderSpec = 13;
			files = (
				FSB000000000000000000002 /* QuickCookiesFinderSync.appex in CopyFiles */,
			);
			runOnlyForDeploymentPostprocessing = 0;
		};
/* End PBXCopyFilesBuildPhase section */

/* Begin PBXFileReference section */
		0C0D0E0F1011121314151607 /* XCTest.framework */ = {isa = PBXFileReference; lastKnownFileType = wrapper.framework; name = XCTest.framework; path = System/Library/Frameworks/XCTest.framework; sourceTree = SDKROOT; };
		031B5AD657BAE17A14E65A87 /* HotkeyManager.swift */ = {isa = PBXFileReference; lastKnownFileType = sourcecode.swift; path = HotkeyManager.swift; sourceTree = "<group>"; };
		2724C2DCD3C66C24CC15D6E7 /* EncodingDetector.swift */ = {isa = PBXFileReference; lastKnownFileType = sourcecode.swift; path = EncodingDetector.swift; sourceTree = "<group>"; };
		391364AE6149F12AED4BFFFC /* EditorView.swift */ = {isa = PBXFileReference; lastKnownFileType = sourcecode.swift; path = EditorView.swift; sourceTree = "<group>"; };
		4282BAE5CE686021AF7F3F5C /* SyntaxHighlighter.swift */ = {isa = PBXFileReference; lastKnownFileType = sourcecode.swift; path = SyntaxHighlighter.swift; sourceTree = "<group>"; };
		460FA400CC4F4F828DB39EFA /* MarkdownTextView.swift */ = {isa = PBXFileReference; lastKnownFileType = sourcecode.swift; path = MarkdownTextView.swift; sourceTree = "<group>"; };
		55E3A065B775ACFE729BDE15 /* CodeView.swift */ = {isa = PBXFileReference; lastKnownFileType = sourcecode.swift; path = CodeView.swift; sourceTree = "<group>"; };
		6240A15DD8E31603B40D6CC6 /* MarkdownView.swift */ = {isa = PBXFileReference; lastKnownFileType = sourcecode.swift; path = MarkdownView.swift; sourceTree = "<group>"; };
		753F94AD7ABEFFC057AAA2DE /* AppDelegate.swift */ = {isa = PBXFileReference; lastKnownFileType = sourcecode.swift; path = AppDelegate.swift; sourceTree = "<group>"; };
		835FB6152FCA950400D2395D /* HighlightCache.swift */ = {isa = PBXFileReference; lastKnownFileType = sourcecode.swift; path = HighlightCache.swift; sourceTree = "<group>"; };
		835FB6172FCA950400D2395E /* HighlightrCodeSyntaxHighlighter.swift */ = {isa = PBXFileReference; lastKnownFileType = sourcecode.swift; path = HighlightrCodeSyntaxHighlighter.swift; sourceTree = "<group>"; };
		835FB6992FCA950400D23999 /* FileChunkReader.swift */ = {isa = PBXFileReference; lastKnownFileType = sourcecode.swift; path = FileChunkReader.swift; sourceTree = "<group>"; };
		A1B2C3010000000000000011 /* MarkdownBlockStreamParser.swift */ = {isa = PBXFileReference; lastKnownFileType = sourcecode.swift; path = MarkdownBlockStreamParser.swift; sourceTree = "<group>"; };
		A1B2C3010000000000000012 /* MarkdownFileStreamReader.swift */ = {isa = PBXFileReference; lastKnownFileType = sourcecode.swift; path = MarkdownFileStreamReader.swift; sourceTree = "<group>"; };
		A1B2C3010000000000000013 /* MarkdownHTMLShell.swift */ = {isa = PBXFileReference; lastKnownFileType = sourcecode.swift; path = MarkdownHTMLShell.swift; sourceTree = "<group>"; };
		A1B2C3010000000000000014 /* MarkdownImageProbe.swift */ = {isa = PBXFileReference; lastKnownFileType = sourcecode.swift; path = MarkdownImageProbe.swift; sourceTree = "<group>"; };
		A1B2C3010000000000000015 /* MarkdownPreprocessor.swift */ = {isa = PBXFileReference; lastKnownFileType = sourcecode.swift; path = MarkdownPreprocessor.swift; sourceTree = "<group>"; };
		A1B2C3010000000000000016 /* MarkdownPreviewBridge.swift */ = {isa = PBXFileReference; lastKnownFileType = sourcecode.swift; path = MarkdownPreviewBridge.swift; sourceTree = "<group>"; };
		A1B2C3010000000000000017 /* MarkdownPreviewPolicy.swift */ = {isa = PBXFileReference; lastKnownFileType = sourcecode.swift; path = MarkdownPreviewPolicy.swift; sourceTree = "<group>"; };
		A1B2C3010000000000000018 /* MarkdownRenderBlock.swift */ = {isa = PBXFileReference; lastKnownFileType = sourcecode.swift; path = MarkdownRenderBlock.swift; sourceTree = "<group>"; };
		A1B2C3010000000000000019 /* MarkdownRenderSnapshot.swift */ = {isa = PBXFileReference; lastKnownFileType = sourcecode.swift; path = MarkdownRenderSnapshot.swift; sourceTree = "<group>"; };
		A1B2C301000000000000001A /* MarkdownViewportPlanner.swift */ = {isa = PBXFileReference; lastKnownFileType = sourcecode.swift; path = MarkdownViewportPlanner.swift; sourceTree = "<group>"; };
		A1B2C301000000000000001B /* MarkdownRendererRuntime.swift */ = {isa = PBXFileReference; lastKnownFileType = sourcecode.swift; path = MarkdownRendererRuntime.swift; sourceTree = "<group>"; };
		A1B2C301000000000000001D /* MarkdownPreviewSession.swift */ = {isa = PBXFileReference; lastKnownFileType = sourcecode.swift; path = MarkdownPreviewSession.swift; sourceTree = "<group>"; };
		A1B2C301000000000000001E /* MarkdownPreviewController.swift */ = {isa = PBXFileReference; lastKnownFileType = sourcecode.swift; path = MarkdownPreviewController.swift; sourceTree = "<group>"; };
		A1B2C301000000000000001F /* PreviewRuntimeRegistry.swift */ = {isa = PBXFileReference; lastKnownFileType = sourcecode.swift; path = PreviewRuntimeRegistry.swift; sourceTree = "<group>"; };
		A1B2C3010000000000000020 /* WebKitRuntime.swift */ = {isa = PBXFileReference; lastKnownFileType = sourcecode.swift; path = WebKitRuntime.swift; sourceTree = "<group>"; };
		A1B2C301000000000000003A /* PreviewRuntimeContract.swift */ = {isa = PBXFileReference; lastKnownFileType = sourcecode.swift; path = PreviewRuntimeContract.swift; sourceTree = "<group>"; };
		A1B2C3010000000000000024 /* FinderSyncMonitoringPolicy.swift */ = {isa = PBXFileReference; lastKnownFileType = sourcecode.swift; path = FinderSyncMonitoringPolicy.swift; sourceTree = "<group>"; };
		A1B2C3010000000000000031 /* PreviewLaunchRequest.swift */ = {isa = PBXFileReference; lastKnownFileType = sourcecode.swift; path = PreviewLaunchRequest.swift; sourceTree = "<group>"; };
		A1B2C3010000000000000034 /* PreviewTarget.swift */ = {isa = PBXFileReference; lastKnownFileType = sourcecode.swift; path = PreviewTarget.swift; sourceTree = "<group>"; };
		A1B2C3010000000000000036 /* PreviewTargetResolver.swift */ = {isa = PBXFileReference; lastKnownFileType = sourcecode.swift; path = PreviewTargetResolver.swift; sourceTree = "<group>"; };
		A1B2C3010000000000000038 /* PreviewSession.swift */ = {isa = PBXFileReference; lastKnownFileType = sourcecode.swift; path = PreviewSession.swift; sourceTree = "<group>"; };
		A1B2C3010000000000000043 /* PreviewContentLoadCoordinator.swift */ = {isa = PBXFileReference; lastKnownFileType = sourcecode.swift; path = PreviewContentLoadCoordinator.swift; sourceTree = "<group>"; };
		A1B2C3010000000000000045 /* PreviewContentIdentity.swift */ = {isa = PBXFileReference; lastKnownFileType = sourcecode.swift; path = PreviewContentIdentity.swift; sourceTree = "<group>"; };
		A1B2C301000000000000003E /* PreviewCoordinator.swift */ = {isa = PBXFileReference; lastKnownFileType = sourcecode.swift; path = PreviewCoordinator.swift; sourceTree = "<group>"; };
		A1B2C3010000000000000041 /* FinderSelectionRefresh.swift */ = {isa = PBXFileReference; lastKnownFileType = sourcecode.swift; path = FinderSelectionRefresh.swift; sourceTree = "<group>"; };
		A1B2C3010000000000000047 /* PreviewNavigationContext.swift */ = {isa = PBXFileReference; lastKnownFileType = sourcecode.swift; path = PreviewNavigationContext.swift; sourceTree = "<group>"; };
		860647CBF168ADB4692AFB63 /* ContentView.swift */ = {isa = PBXFileReference; lastKnownFileType = sourcecode.swift; path = ContentView.swift; sourceTree = "<group>"; };
		8CB74C8B4C3A792598259E87 /* FileUtils.swift */ = {isa = PBXFileReference; lastKnownFileType = sourcecode.swift; path = FileUtils.swift; sourceTree = "<group>"; };
		94269EDF755E0DD605801286 /* Constants.swift */ = {isa = PBXFileReference; lastKnownFileType = sourcecode.swift; path = Constants.swift; sourceTree = "<group>"; };
		A7AA2E8A55B09BC0FF2E83A0 /* FileTypeClassifier.swift */ = {isa = PBXFileReference; lastKnownFileType = sourcecode.swift; path = FileTypeClassifier.swift; sourceTree = "<group>"; };
		AST141414141414141414142 /* Assets.xcassets */ = {isa = PBXFileReference; lastKnownFileType = folder.assetcatalog; path = Assets.xcassets; sourceTree = "<group>"; };
		B76F46CEB24C42779E84EBBE /* QuickLookOverlay.swift */ = {isa = PBXFileReference; lastKnownFileType = sourcecode.swift; path = QuickLookOverlay.swift; sourceTree = "<group>"; };
		B87D7CAF1B4B8FAFF363B543 /* SettingsWindow.swift */ = {isa = PBXFileReference; lastKnownFileType = sourcecode.swift; path = SettingsWindow.swift; sourceTree = "<group>"; };
		BBB222222222222222222222 /* QuickCookiesApp.swift */ = {isa = PBXFileReference; lastKnownFileType = sourcecode.swift; path = QuickCookiesApp.swift; sourceTree = "<group>"; };
		C61407483B4F8F25CF2BA6C7 /* FileDetector.swift */ = {isa = PBXFileReference; lastKnownFileType = sourcecode.swift; path = FileDetector.swift; sourceTree = "<group>"; };
		CC8B9C87C1019A1BEC529314 /* ToastView.swift */ = {isa = PBXFileReference; lastKnownFileType = sourcecode.swift; path = ToastView.swift; sourceTree = "<group>"; };
		CC8B9C87C1019A1BEC529324 /* CustomAlert.swift */ = {isa = PBXFileReference; lastKnownFileType = sourcecode.swift; path = CustomAlert.swift; sourceTree = "<group>"; };
		CCC333333333333333333333 /* Info.plist */ = {isa = PBXFileReference; lastKnownFileType = text.plist.xml; path = Info.plist; sourceTree = "<group>"; };
		D643EEA9D20E7A954D49ED4C /* Settings.swift */ = {isa = PBXFileReference; lastKnownFileType = sourcecode.swift; path = Settings.swift; sourceTree = "<group>"; };
		DDD444444444444444444444 /* QuickCookies.entitlements */ = {isa = PBXFileReference; lastKnownFileType = text.plist.entitlements; path = QuickCookies.entitlements; sourceTree = "<group>"; };
		EEE555555555555555555555 /* QuickCookies.app */ = {isa = PBXFileReference; explicitFileType = wrapper.application; includeInIndex = 0; path = QuickCookies.app; sourceTree = BUILT_PRODUCTS_DIR; };
		FILWATCHREF00000000000001 /* FileWatcher.swift */ = {isa = PBXFileReference; lastKnownFileType = sourcecode.swift; path = FileWatcher.swift; sourceTree = "<group>"; };
		FMI000000000000000000002 /* FinderMenuIntegration.swift */ = {isa = PBXFileReference; lastKnownFileType = sourcecode.swift; path = FinderMenuIntegration.swift; sourceTree = "<group>"; };
		FSE555555555555555555555 /* QuickCookiesFinderSync.appex */ = {isa = PBXFileReference; explicitFileType = "wrapper.app-extension"; includeInIndex = 0; path = QuickCookiesFinderSync.appex; sourceTree = BUILT_PRODUCTS_DIR; };
		FSP000000000000000000001 /* QuickCookiesFinderSync-Info.plist */ = {isa = PBXFileReference; lastKnownFileType = text.plist.xml; path = "QuickCookiesFinderSync-Info.plist"; sourceTree = "<group>"; };
		FSS000000000000000000001 /* QuickCookiesFinderSync.swift */ = {isa = PBXFileReference; lastKnownFileType = sourcecode.swift; path = QuickCookiesFinderSync.swift; sourceTree = "<group>"; };
		TSTPROD00000000000000001 /* QuickCookiesTests.xctest */ = {isa = PBXFileReference; explicitFileType = "wrapper.cfbundle"; includeInIndex = 0; path = QuickCookiesTests.xctest; sourceTree = BUILT_PRODUCTS_DIR; };
		TSTREF000000000000000001 /* EncodingDetectorTests.swift */ = {isa = PBXFileReference; lastKnownFileType = sourcecode.swift; path = EncodingDetectorTests.swift; sourceTree = "<group>"; };
		TSTREF000000000000000002 /* FileTypeClassifierTests.swift */ = {isa = PBXFileReference; lastKnownFileType = sourcecode.swift; path = FileTypeClassifierTests.swift; sourceTree = "<group>"; };
		TSTREF000000000000000003 /* FileChunkReaderTests.swift */ = {isa = PBXFileReference; lastKnownFileType = sourcecode.swift; path = FileChunkReaderTests.swift; sourceTree = "<group>"; };
		TSTREF000000000000000004 /* FileUtilsTests.swift */ = {isa = PBXFileReference; lastKnownFileType = sourcecode.swift; path = FileUtilsTests.swift; sourceTree = "<group>"; };
		TSTREF000000000000000005 /* MarkdownViewportPlannerTests.swift */ = {isa = PBXFileReference; lastKnownFileType = sourcecode.swift; path = MarkdownViewportPlannerTests.swift; sourceTree = "<group>"; };
		TSTREF000000000000000006 /* MarkdownRenderSnapshotTests.swift */ = {isa = PBXFileReference; lastKnownFileType = sourcecode.swift; path = MarkdownRenderSnapshotTests.swift; sourceTree = "<group>"; };
		TSTREF000000000000000007 /* MarkdownPreviewSessionTests.swift */ = {isa = PBXFileReference; lastKnownFileType = sourcecode.swift; path = MarkdownPreviewSessionTests.swift; sourceTree = "<group>"; };
		TSTREF000000000000000008 /* WebKitRuntimeTests.swift */ = {isa = PBXFileReference; lastKnownFileType = sourcecode.swift; path = WebKitRuntimeTests.swift; sourceTree = "<group>"; };
		TSTREF000000000000000009 /* MarkdownPreviewControllerTests.swift */ = {isa = PBXFileReference; lastKnownFileType = sourcecode.swift; path = MarkdownPreviewControllerTests.swift; sourceTree = "<group>"; };
		TSTREF000000000000000010 /* QuickLookOverlayStateTests.swift */ = {isa = PBXFileReference; lastKnownFileType = sourcecode.swift; path = QuickLookOverlayStateTests.swift; sourceTree = "<group>"; };
		TSTREF000000000000000011 /* PreviewLaunchRequestTests.swift */ = {isa = PBXFileReference; lastKnownFileType = sourcecode.swift; path = PreviewLaunchRequestTests.swift; sourceTree = "<group>"; };
		TSTREF000000000000000012 /* PreviewTargetTests.swift */ = {isa = PBXFileReference; lastKnownFileType = sourcecode.swift; path = PreviewTargetTests.swift; sourceTree = "<group>"; };
		TSTREF000000000000000013 /* PreviewSessionTests.swift */ = {isa = PBXFileReference; lastKnownFileType = sourcecode.swift; path = PreviewSessionTests.swift; sourceTree = "<group>"; };
		TSTREF000000000000000014 /* PreviewCoordinatorTests.swift */ = {isa = PBXFileReference; lastKnownFileType = sourcecode.swift; path = PreviewCoordinatorTests.swift; sourceTree = "<group>"; };
		TSTREF000000000000000015 /* PreviewContentLoadCoordinatorTests.swift */ = {isa = PBXFileReference; lastKnownFileType = sourcecode.swift; path = PreviewContentLoadCoordinatorTests.swift; sourceTree = "<group>"; };
		TSTREF000000000000000016 /* PreviewContentIdentityTests.swift */ = {isa = PBXFileReference; lastKnownFileType = sourcecode.swift; path = PreviewContentIdentityTests.swift; sourceTree = "<group>"; };
		TSTREF000000000000000017 /* PreviewLoadStateTests.swift */ = {isa = PBXFileReference; lastKnownFileType = sourcecode.swift; path = PreviewLoadStateTests.swift; sourceTree = "<group>"; };
		TSTREF000000000000000018 /* PreviewDisplayStateResolverTests.swift */ = {isa = PBXFileReference; lastKnownFileType = sourcecode.swift; path = PreviewDisplayStateResolverTests.swift; sourceTree = "<group>"; };
		TSTREF000000000000000019 /* PreviewNavigationContextTests.swift */ = {isa = PBXFileReference; lastKnownFileType = sourcecode.swift; path = PreviewNavigationContextTests.swift; sourceTree = "<group>"; };
		TSTREF00000000000000001A /* PreviewVisualBaselineCaptureTests.swift */ = {isa = PBXFileReference; lastKnownFileType = sourcecode.swift; path = PreviewVisualBaselineCaptureTests.swift; sourceTree = "<group>"; };
		TSTREF00000000000000001B /* FinderSelectionPathProviderTests.swift */ = {isa = PBXFileReference; lastKnownFileType = sourcecode.swift; path = FinderSelectionPathProviderTests.swift; sourceTree = "<group>"; };
		TSTREF00000000000000001C /* FinderMenuIntegrationTests.swift */ = {isa = PBXFileReference; lastKnownFileType = sourcecode.swift; path = FinderMenuIntegrationTests.swift; sourceTree = "<group>"; };
		MEDPREVREF00000000000001 /* MediaPreviewView.swift */ = {isa = PBXFileReference; lastKnownFileType = sourcecode.swift; path = MediaPreviewView.swift; sourceTree = "<group>"; };
		ONBOARDREF00000000000001 /* OnboardingView.swift */ = {isa = PBXFileReference; lastKnownFileType = sourcecode.swift; path = OnboardingView.swift; sourceTree = "<group>"; };
		835FB7012FCA950400D23AAA /* UnsupportedFileView.swift */ = {isa = PBXFileReference; lastKnownFileType = sourcecode.swift; path = UnsupportedFileView.swift; sourceTree = "<group>"; };
		FNT141414141414141414142 /* Fonts */ = {isa = PBXFileReference; lastKnownFileType = folder; path = Fonts; sourceTree = "<group>"; };
		835FBA012FCA950400D23A01 /* OfficePreviewView.swift */ = {isa = PBXFileReference; lastKnownFileType = sourcecode.swift; path = OfficePreviewView.swift; sourceTree = "<group>"; };
		835FBA032FCA950400D23A03 /* MarkedJS.swift */ = {isa = PBXFileReference; lastKnownFileType = sourcecode.swift; path = MarkedJS.swift; sourceTree = "<group>"; };
		835FBA052FCA950400D23A05 /* MarkdownPDFExporter.swift */ = {isa = PBXFileReference; lastKnownFileType = sourcecode.swift; path = MarkdownPDFExporter.swift; sourceTree = "<group>"; };
/* End PBXFileReference section */

/* Begin PBXFrameworksBuildPhase section */
		TSTFRM000000000000000001 /* Frameworks */ = {
			isa = PBXFrameworksBuildPhase;
			buildActionMask = 2147483647;
			files = (
				0C0D0E0F1011121314151617 /* XCTest.framework in Frameworks */,
			);
			runOnlyForDeploymentPostprocessing = 0;
		};
		FFF666666666666666666666 /* Frameworks */ = {
			isa = PBXFrameworksBuildPhase;
			buildActionMask = 2147483647;
			files = (
				835FB6132FCA950400D2395C /* Highlightr in Frameworks */,
				835FB6102FCA94E800D2395C /* MarkdownUI in Frameworks */,
			);
			runOnlyForDeploymentPostprocessing = 0;
		};
/* End PBXFrameworksBuildPhase section */

/* Begin PBXGroup section */
		FSG777777777777777777777 /* QuickCookiesFinderSync */ = {
			isa = PBXGroup;
			children = (
				FSS000000000000000000001 /* QuickCookiesFinderSync.swift */,
				FSP000000000000000000001 /* QuickCookiesFinderSync-Info.plist */,
			);
			path = QuickCookiesFinderSync;
			sourceTree = "<group>";
		};
		GGG777777777777777777777 /* QuickCookies */ = {
			isa = PBXGroup;
			children = (
				HHH888888888888888888888 /* App */,
				III999999999999999999999 /* Core */,
				JJJ10101010101010101010 /* UI */,
				KKK111111111111111111111 /* Renderer */,
				LLL121212121212121212121 /* Utils */,
				MMM131313131313131313131 /* Config */,
				NNN141414141414141414141 /* Resources */,
				CCC333333333333333333333 /* Info.plist */,
				DDD444444444444444444444 /* QuickCookies.entitlements */,
			);
			path = QuickCookies;
			sourceTree = "<group>";
		};
		HHH888888888888888888888 /* App */ = {
			isa = PBXGroup;
			children = (
				BBB222222222222222222222 /* QuickCookiesApp.swift */,
				753F94AD7ABEFFC057AAA2DE /* AppDelegate.swift */,
			);
			path = App;
			sourceTree = "<group>";
		};
		III999999999999999999999 /* Core */ = {
			isa = PBXGroup;
			children = (
				C61407483B4F8F25CF2BA6C7 /* FileDetector.swift */,
				A7AA2E8A55B09BC0FF2E83A0 /* FileTypeClassifier.swift */,
				835FB6992FCA950400D23999 /* FileChunkReader.swift */,
				031B5AD657BAE17A14E65A87 /* HotkeyManager.swift */,
				FMI000000000000000000002 /* FinderMenuIntegration.swift */,
				835FBA032FCA950400D23A03 /* MarkedJS.swift */,
				A1B2C3010000000000000021 /* Markdown */,
				A1B2C3010000000000000032 /* Preview */,
				A1B2C3010000000000000022 /* PreviewRuntime */,
				A1B2C3010000000000000024 /* FinderSyncMonitoringPolicy.swift */,
				835FBA052FCA950400D23A05 /* MarkdownPDFExporter.swift */,
			);
			path = Core;
			sourceTree = "<group>";
		};
		A1B2C3010000000000000021 /* Markdown */ = {
			isa = PBXGroup;
			children = (
				A1B2C3010000000000000011 /* MarkdownBlockStreamParser.swift */,
				A1B2C3010000000000000012 /* MarkdownFileStreamReader.swift */,
				A1B2C3010000000000000013 /* MarkdownHTMLShell.swift */,
				A1B2C3010000000000000014 /* MarkdownImageProbe.swift */,
				A1B2C3010000000000000015 /* MarkdownPreprocessor.swift */,
				A1B2C3010000000000000016 /* MarkdownPreviewBridge.swift */,
				A1B2C3010000000000000017 /* MarkdownPreviewPolicy.swift */,
				A1B2C3010000000000000018 /* MarkdownRenderBlock.swift */,
				A1B2C3010000000000000019 /* MarkdownRenderSnapshot.swift */,
				A1B2C301000000000000001A /* MarkdownViewportPlanner.swift */,
				A1B2C301000000000000001B /* MarkdownRendererRuntime.swift */,
				A1B2C301000000000000001D /* MarkdownPreviewSession.swift */,
				A1B2C301000000000000001E /* MarkdownPreviewController.swift */,
			);
			path = Markdown;
			sourceTree = "<group>";
		};
		A1B2C3010000000000000032 /* Preview */ = {
			isa = PBXGroup;
			children = (
				A1B2C3010000000000000031 /* PreviewLaunchRequest.swift */,
				A1B2C3010000000000000034 /* PreviewTarget.swift */,
				A1B2C3010000000000000036 /* PreviewTargetResolver.swift */,
				A1B2C3010000000000000038 /* PreviewSession.swift */,
				A1B2C3010000000000000043 /* PreviewContentLoadCoordinator.swift */,
				A1B2C3010000000000000045 /* PreviewContentIdentity.swift */,
				A1B2C301000000000000003E /* PreviewCoordinator.swift */,
				A1B2C3010000000000000041 /* FinderSelectionRefresh.swift */,
				A1B2C3010000000000000047 /* PreviewNavigationContext.swift */,
			);
			path = Preview;
			sourceTree = "<group>";
		};
		A1B2C3010000000000000022 /* PreviewRuntime */ = {
			isa = PBXGroup;
			children = (
				A1B2C301000000000000003A /* PreviewRuntimeContract.swift */,
				A1B2C301000000000000001F /* PreviewRuntimeRegistry.swift */,
				A1B2C3010000000000000020 /* WebKitRuntime.swift */,
			);
			path = PreviewRuntime;
			sourceTree = "<group>";
		};
		JJJ10101010101010101010 /* UI */ = {
			isa = PBXGroup;
			children = (
				860647CBF168ADB4692AFB63 /* ContentView.swift */,
				6240A15DD8E31603B40D6CC6 /* MarkdownView.swift */,
				55E3A065B775ACFE729BDE15 /* CodeView.swift */,
				460FA400CC4F4F828DB39EFA /* MarkdownTextView.swift */,
				391364AE6149F12AED4BFFFC /* EditorView.swift */,
				B76F46CEB24C42779E84EBBE /* QuickLookOverlay.swift */,
				B87D7CAF1B4B8FAFF363B543 /* SettingsWindow.swift */,
				CC8B9C87C1019A1BEC529314 /* ToastView.swift */,
				CC8B9C87C1019A1BEC529324 /* CustomAlert.swift */,
				MEDPREVREF00000000000001 /* MediaPreviewView.swift */,
				ONBOARDREF00000000000001 /* OnboardingView.swift */,
				835FB7012FCA950400D23AAA /* UnsupportedFileView.swift */,
				835FBA012FCA950400D23A01 /* OfficePreviewView.swift */,
			);
			path = UI;
			sourceTree = "<group>";
		};
		KKK111111111111111111111 /* Renderer */ = {
			isa = PBXGroup;
			children = (
				835FB6152FCA950400D2395D /* HighlightCache.swift */,
				835FB6172FCA950400D2395E /* HighlightrCodeSyntaxHighlighter.swift */,
				4282BAE5CE686021AF7F3F5C /* SyntaxHighlighter.swift */,
			);
			path = Renderer;
			sourceTree = "<group>";
		};
		LLL121212121212121212121 /* Utils */ = {
			isa = PBXGroup;
			children = (
				2724C2DCD3C66C24CC15D6E7 /* EncodingDetector.swift */,
				8CB74C8B4C3A792598259E87 /* FileUtils.swift */,
				FILWATCHREF00000000000001 /* FileWatcher.swift */,
			);
			path = Utils;
			sourceTree = "<group>";
		};
		MMM131313131313131313131 /* Config */ = {
			isa = PBXGroup;
			children = (
				94269EDF755E0DD605801286 /* Constants.swift */,
				D643EEA9D20E7A954D49ED4C /* Settings.swift */,
			);
			path = Config;
			sourceTree = "<group>";
		};
		NNN141414141414141414141 /* Resources */ = {
			isa = PBXGroup;
			children = (
				AST141414141414141414142 /* Assets.xcassets */,
				FNT141414141414141414142 /* Fonts */,
			);
			path = Resources;
			sourceTree = "<group>";
		};
		OOO151515151515151515151 = {
			isa = PBXGroup;
			children = (
				GGG777777777777777777777 /* QuickCookies */,
				TSTGRP000000000000000001 /* QuickCookiesTests */,
				PPP161616161616161616161 /* Products */,
				FSG777777777777777777777 /* QuickCookiesFinderSync */,
			);
			sourceTree = "<group>";
		};
		PPP161616161616161616161 /* Products */ = {
			isa = PBXGroup;
			children = (
				EEE555555555555555555555 /* QuickCookies.app */,
				FSE555555555555555555555 /* QuickCookiesFinderSync.appex */,
				TSTPROD00000000000000001 /* QuickCookiesTests.xctest */,
			);
			name = Products;
			sourceTree = "<group>";
		};
		TSTGRP000000000000000001 /* QuickCookiesTests */ = {
			isa = PBXGroup;
			children = (
				TSTREF000000000000000001 /* EncodingDetectorTests.swift */,
				TSTREF000000000000000002 /* FileTypeClassifierTests.swift */,
				TSTREF000000000000000003 /* FileChunkReaderTests.swift */,
				TSTREF000000000000000004 /* FileUtilsTests.swift */,
				TSTREF000000000000000005 /* MarkdownViewportPlannerTests.swift */,
				TSTREF000000000000000006 /* MarkdownRenderSnapshotTests.swift */,
				TSTREF000000000000000007 /* MarkdownPreviewSessionTests.swift */,
				TSTREF000000000000000008 /* WebKitRuntimeTests.swift */,
				TSTREF000000000000000009 /* MarkdownPreviewControllerTests.swift */,
				TSTREF000000000000000010 /* QuickLookOverlayStateTests.swift */,
				TSTREF000000000000000011 /* PreviewLaunchRequestTests.swift */,
				TSTREF000000000000000012 /* PreviewTargetTests.swift */,
				TSTREF000000000000000013 /* PreviewSessionTests.swift */,
				TSTREF000000000000000014 /* PreviewCoordinatorTests.swift */,
				TSTREF000000000000000015 /* PreviewContentLoadCoordinatorTests.swift */,
				TSTREF000000000000000016 /* PreviewContentIdentityTests.swift */,
				TSTREF000000000000000017 /* PreviewLoadStateTests.swift */,
				TSTREF000000000000000018 /* PreviewDisplayStateResolverTests.swift */,
				TSTREF000000000000000019 /* PreviewNavigationContextTests.swift */,
				TSTREF00000000000000001A /* PreviewVisualBaselineCaptureTests.swift */,
				TSTREF00000000000000001B /* FinderSelectionPathProviderTests.swift */,
				TSTREF00000000000000001C /* FinderMenuIntegrationTests.swift */,
			);
			path = QuickCookiesTests;
			sourceTree = "<group>";
		};
/* End PBXGroup section */

/* Begin PBXNativeTarget section */
		FST171717171717171717171 /* QuickCookiesFinderSync */ = {
			isa = PBXNativeTarget;
			buildConfigurationList = FSR181818181818181818181 /* Build configuration list for PBXNativeTarget "QuickCookiesFinderSync" */;
			buildPhases = (
				FSS191919191919191919191 /* Sources */,
			);
			buildRules = (
			);
			dependencies = (
			);
			name = QuickCookiesFinderSync;
			productName = QuickCookiesFinderSync;
			productReference = FSE555555555555555555555 /* QuickCookiesFinderSync.appex */;
			productType = "com.apple.product-type.app-extension";
		};
		QQQ171717171717171717171 /* QuickCookies */ = {
			isa = PBXNativeTarget;
			buildConfigurationList = RRR181818181818181818181 /* Build configuration list for PBXNativeTarget "QuickCookies" */;
			buildPhases = (
				SSS191919191919191919191 /* Sources */,
				FFF666666666666666666666 /* Frameworks */,
				RES141414141414141414141 /* Resources */,
				APPCOPYSYNC0000000000001 /* CopyFiles */,
			);
			buildRules = (
			);
			dependencies = (
				DEP171717171717171717171 /* PBXTargetDependency */,
			);
			name = QuickCookies;
			productName = QuickCookies;
			productReference = EEE555555555555555555555 /* QuickCookies.app */;
			productType = "com.apple.product-type.application";
		};
		TSTTGT000000000000000001 /* QuickCookiesTests */ = {
			isa = PBXNativeTarget;
			buildConfigurationList = TSTCFG000000000000000001 /* Build configuration list for PBXNativeTarget "QuickCookiesTests" */;
			buildPhases = (
				TSTSRC000000000000000001 /* Sources */,
				TSTFRM000000000000000001 /* Frameworks */,
			);
			buildRules = (
			);
			dependencies = (
				TSTDEP000000000000000001 /* PBXTargetDependency */,
			);
			name = QuickCookiesTests;
			productName = QuickCookiesTests;
			productReference = TSTPROD00000000000000001 /* QuickCookiesTests.xctest */;
			productType = "com.apple.product-type.bundle.unit-test";
		};
/* End PBXNativeTarget section */

/* Begin PBXProject section */
		TTT202020202020202020202 /* Project object */ = {
			isa = PBXProject;
			attributes = {
				BuildIndependentTargetsInParallel = 1;
				LastSwiftUpdate = 2023;
				LastUpgradeCheck = 2640;
				TargetAttributes = {
					QQQ171717171717171717171 = {
						CreatedOnToolsVersion = 15.0;
					};
					TSTTGT000000000000000001 = {
						CreatedOnToolsVersion = 16.4;
						TestTargetID = QQQ171717171717171717171;
					};
				};
			};
			buildConfigurationList = UUU212121212121212121212 /* Build configuration list for PBXProject "QuickCookies" */;
			compatibilityVersion = "Xcode 14.0";
			developmentRegion = en;
			hasScannedForEncodings = 0;
			knownRegions = (
				en,
				Base,
				"zh-Hans",
			);
			mainGroup = OOO151515151515151515151;
			packageReferences = (
				835FB60E2FCA94E800D2395C /* XCRemoteSwiftPackageReference "swift-markdown-ui" */,
				835FB6112FCA950400D2395C /* XCRemoteSwiftPackageReference "Highlightr" */,
			);
			productRefGroup = PPP161616161616161616161 /* Products */;
			projectDirPath = "";
			projectRoot = "";
			targets = (
				QQQ171717171717171717171 /* QuickCookies */,
				FST171717171717171717171 /* QuickCookiesFinderSync */,
				TSTTGT000000000000000001 /* QuickCookiesTests */,
			);
		};
/* End PBXProject section */

/* Begin PBXResourcesBuildPhase section */
		RES141414141414141414141 /* Resources */ = {
			isa = PBXResourcesBuildPhase;
			buildActionMask = 2147483647;
			files = (
				AST141414141414141414141 /* Assets.xcassets in Resources */,
				FNT141414141414141414141 /* Fonts in Resources */,
			);
			runOnlyForDeploymentPostprocessing = 0;
		};
/* End PBXResourcesBuildPhase section */

/* Begin PBXSourcesBuildPhase section */
		FSS191919191919191919191 /* Sources */ = {
			isa = PBXSourcesBuildPhase;
			buildActionMask = 2147483647;
			files = (
				FSB000000000000000000001 /* QuickCookiesFinderSync.swift in Sources */,
				A1B2C3010000000000000025 /* FinderSyncMonitoringPolicy.swift in Sources */,
			);
			runOnlyForDeploymentPostprocessing = 0;
		};
		SSS191919191919191919191 /* Sources */ = {
			isa = PBXSourcesBuildPhase;
			buildActionMask = 2147483647;
			files = (
				AAA111111111111111111111 /* QuickCookiesApp.swift in Sources */,
				2DD3FEAD2ABF97565DA77A2C /* AppDelegate.swift in Sources */,
				3A2E710F92BB390B19278C21 /* Constants.swift in Sources */,
				DA83EA46F6AB177473BC0393 /* Settings.swift in Sources */,
				598A4CD295296410FDE95ABE /* FileDetector.swift in Sources */,
				641CE1BE77D1A872196AB165 /* FileTypeClassifier.swift in Sources */,
				374B0AA0DBFB3768D498AD14 /* HotkeyManager.swift in Sources */,
				FMI000000000000000000001 /* FinderMenuIntegration.swift in Sources */,
				835FB6162FCA950400D2395D /* HighlightCache.swift in Sources */,
				835FB6182FCA950400D2395E /* HighlightrCodeSyntaxHighlighter.swift in Sources */,
				835FB69A2FCA950400D23999 /* FileChunkReader.swift in Sources */,
				A1B2C3010000000000000001 /* MarkdownBlockStreamParser.swift in Sources */,
				A1B2C3010000000000000002 /* MarkdownFileStreamReader.swift in Sources */,
				A1B2C3010000000000000003 /* MarkdownHTMLShell.swift in Sources */,
				A1B2C3010000000000000004 /* MarkdownImageProbe.swift in Sources */,
				A1B2C3010000000000000005 /* MarkdownPreprocessor.swift in Sources */,
				A1B2C3010000000000000006 /* MarkdownPreviewBridge.swift in Sources */,
				A1B2C3010000000000000007 /* MarkdownPreviewPolicy.swift in Sources */,
				A1B2C3010000000000000008 /* MarkdownRenderBlock.swift in Sources */,
				A1B2C3010000000000000009 /* MarkdownRenderSnapshot.swift in Sources */,
				A1B2C301000000000000000A /* MarkdownViewportPlanner.swift in Sources */,
				A1B2C301000000000000000B /* MarkdownRendererRuntime.swift in Sources */,
				A1B2C301000000000000000D /* MarkdownPreviewSession.swift in Sources */,
				A1B2C301000000000000000E /* MarkdownPreviewController.swift in Sources */,
				A1B2C301000000000000000F /* PreviewRuntimeRegistry.swift in Sources */,
				A1B2C3010000000000000010 /* WebKitRuntime.swift in Sources */,
				A1B2C3010000000000000039 /* PreviewRuntimeContract.swift in Sources */,
				A1B2C3010000000000000030 /* PreviewLaunchRequest.swift in Sources */,
				A1B2C3010000000000000033 /* PreviewTarget.swift in Sources */,
				A1B2C3010000000000000035 /* PreviewTargetResolver.swift in Sources */,
				A1B2C3010000000000000037 /* PreviewSession.swift in Sources */,
				A1B2C3010000000000000042 /* PreviewContentLoadCoordinator.swift in Sources */,
				A1B2C3010000000000000044 /* PreviewContentIdentity.swift in Sources */,
				A1B2C301000000000000003D /* PreviewCoordinator.swift in Sources */,
				A1B2C3010000000000000040 /* FinderSelectionRefresh.swift in Sources */,
				A1B2C3010000000000000046 /* PreviewNavigationContext.swift in Sources */,
				A1B2C3010000000000000023 /* FinderSyncMonitoringPolicy.swift in Sources */,
				FC17D463B0B7C2B8817DCA5B /* SyntaxHighlighter.swift in Sources */,
				D02C04567F8A13B8EE46D917 /* ToastView.swift in Sources */,
				D02C04567F8A13B8EE46D927 /* CustomAlert.swift in Sources */,
				CC3B6172EFBB3884582E6DB9 /* MarkdownView.swift in Sources */,
				21D2DE1178C6759287E735C5 /* CodeView.swift in Sources */,
				8EA7E2FA49A52C6CB2AE5A5E /* EditorView.swift in Sources */,
				04C42AD9B8657A3924158DE2 /* ContentView.swift in Sources */,
				C2B47F163AC772A6BD9CD6B5 /* SettingsWindow.swift in Sources */,
				D89BC4645FD2337D32C9072C /* EncodingDetector.swift in Sources */,
				71D913A0ECB64193A25A4044 /* MarkdownTextView.swift in Sources */,
				A23C977659B0910F9D58A41B /* FileUtils.swift in Sources */,
				962C8A503D0B4CA6963E2B94 /* QuickLookOverlay.swift in Sources */,
				MEDPREVBLD00000000000001 /* MediaPreviewView.swift in Sources */,
				FILWATCHBLD00000000000001 /* FileWatcher.swift in Sources */,
				ONBOARDBLD00000000000001 /* OnboardingView.swift in Sources */,
				835FB7022FCA950400D23AAB /* UnsupportedFileView.swift in Sources */,
				835FBA022FCA950400D23A02 /* OfficePreviewView.swift in Sources */,
				835FBA042FCA950400D23A04 /* MarkedJS.swift in Sources */,
				835FBA062FCA950400D23A06 /* MarkdownPDFExporter.swift in Sources */,
			);
			runOnlyForDeploymentPostprocessing = 0;
		};
		TSTSRC000000000000000001 /* Sources */ = {
			isa = PBXSourcesBuildPhase;
			buildActionMask = 2147483647;
			files = (
				TSTBLD000000000000000001 /* EncodingDetectorTests.swift in Sources */,
				TSTBLD000000000000000002 /* FileTypeClassifierTests.swift in Sources */,
				TSTBLD000000000000000003 /* FileChunkReaderTests.swift in Sources */,
				TSTBLD000000000000000004 /* FileUtilsTests.swift in Sources */,
				TSTBLD000000000000000005 /* MarkdownViewportPlannerTests.swift in Sources */,
				TSTBLD000000000000000006 /* MarkdownRenderSnapshotTests.swift in Sources */,
				TSTBLD000000000000000007 /* MarkdownPreviewSessionTests.swift in Sources */,
				TSTBLD000000000000000008 /* WebKitRuntimeTests.swift in Sources */,
				TSTBLD000000000000000009 /* MarkdownPreviewControllerTests.swift in Sources */,
				TSTBLD000000000000000010 /* QuickLookOverlayStateTests.swift in Sources */,
				TSTBLD000000000000000011 /* PreviewLaunchRequestTests.swift in Sources */,
				TSTBLD000000000000000012 /* PreviewTargetTests.swift in Sources */,
				TSTBLD000000000000000013 /* PreviewSessionTests.swift in Sources */,
				TSTBLD000000000000000014 /* PreviewCoordinatorTests.swift in Sources */,
				TSTBLD000000000000000015 /* PreviewContentLoadCoordinatorTests.swift in Sources */,
				TSTBLD000000000000000016 /* PreviewContentIdentityTests.swift in Sources */,
				TSTBLD000000000000000017 /* PreviewLoadStateTests.swift in Sources */,
				TSTBLD000000000000000018 /* PreviewDisplayStateResolverTests.swift in Sources */,
				TSTBLD000000000000000019 /* PreviewNavigationContextTests.swift in Sources */,
				TSTBLD00000000000000001A /* PreviewVisualBaselineCaptureTests.swift in Sources */,
				TSTBLD00000000000000001B /* FinderSelectionPathProviderTests.swift in Sources */,
				TSTBLD00000000000000001C /* FinderMenuIntegrationTests.swift in Sources */,
			);
			runOnlyForDeploymentPostprocessing = 0;
		};
/* End PBXSourcesBuildPhase section */

/* Begin PBXTargetDependency section */
		DEP171717171717171717171 /* PBXTargetDependency */ = {
			isa = PBXTargetDependency;
			target = FST171717171717171717171 /* QuickCookiesFinderSync */;
			targetProxy = 83C89CCA2FCC5097006FBCE5 /* PBXContainerItemProxy */;
		};
		TSTDEP000000000000000001 /* PBXTargetDependency */ = {
			isa = PBXTargetDependency;
			target = QQQ171717171717171717171 /* QuickCookies */;
			targetProxy = TSTPRX000000000000000001 /* PBXContainerItemProxy */;
		};
/* End PBXTargetDependency section */

/* Begin XCBuildConfiguration section */
		TSTDBG000000000000000001 /* Debug */ = {
			isa = XCBuildConfiguration;
			buildSettings = {
				BUNDLE_LOADER = "$(TEST_HOST)";
				CODE_SIGN_STYLE = Automatic;
				CURRENT_PROJECT_VERSION = 1;
				GENERATE_INFOPLIST_FILE = YES;
				LD_RUNPATH_SEARCH_PATHS = (
					"$(inherited)",
					"@executable_path/../Frameworks",
					"@loader_path/../Frameworks",
				);
				MACOSX_DEPLOYMENT_TARGET = 13.0;
				MARKETING_VERSION = 1.0;
				PRODUCT_BUNDLE_IDENTIFIER = com.quickcookies.app.tests;
				PRODUCT_NAME = "$(TARGET_NAME)";
				SDKROOT = macosx;
				SWIFT_ACTIVE_COMPILATION_CONDITIONS = "DEBUG $(inherited)";
				SWIFT_OPTIMIZATION_LEVEL = "-Onone";
				SWIFT_VERSION = 5.0;
				TEST_HOST = "$(BUILT_PRODUCTS_DIR)/QuickCookies.app/Contents/MacOS/QuickCookies";
				TEST_TARGET_NAME = QuickCookies;
			};
			name = Debug;
		};
		TSTREL000000000000000001 /* Release */ = {
			isa = XCBuildConfiguration;
			buildSettings = {
				BUNDLE_LOADER = "$(TEST_HOST)";
				CODE_SIGN_STYLE = Automatic;
				CURRENT_PROJECT_VERSION = 1;
				GENERATE_INFOPLIST_FILE = YES;
				LD_RUNPATH_SEARCH_PATHS = (
					"$(inherited)",
					"@executable_path/../Frameworks",
					"@loader_path/../Frameworks",
				);
				MACOSX_DEPLOYMENT_TARGET = 13.0;
				MARKETING_VERSION = 1.0;
				PRODUCT_BUNDLE_IDENTIFIER = com.quickcookies.app.tests;
				PRODUCT_NAME = "$(TARGET_NAME)";
				SDKROOT = macosx;
				SWIFT_COMPILATION_MODE = wholemodule;
				SWIFT_VERSION = 5.0;
				TEST_HOST = "$(BUILT_PRODUCTS_DIR)/QuickCookies.app/Contents/MacOS/QuickCookies";
				TEST_TARGET_NAME = QuickCookies;
			};
			name = Release;
		};
		FSV222222222222222222222 /* Debug */ = {
			isa = XCBuildConfiguration;
			buildSettings = {
				CODE_SIGN_STYLE = Automatic;
				GENERATE_INFOPLIST_FILE = NO;
				INFOPLIST_FILE = "QuickCookiesFinderSync/QuickCookiesFinderSync-Info.plist";
				LD_RUNPATH_SEARCH_PATHS = (
					"$(inherited)",
					"@executable_path/../Frameworks",
					"@executable_path/../../../../Frameworks",
				);
				MACOSX_DEPLOYMENT_TARGET = 13.0;
				PRODUCT_BUNDLE_IDENTIFIER = com.quickcookies.app.FinderSync;
				PRODUCT_NAME = "$(TARGET_NAME)";
				SKIP_INSTALL = YES;
				SWIFT_VERSION = 5.0;
			};
			name = Debug;
		};
		FSW333333333333333333333 /* Release */ = {
			isa = XCBuildConfiguration;
			buildSettings = {
				CODE_SIGN_STYLE = Automatic;
				GENERATE_INFOPLIST_FILE = NO;
				INFOPLIST_FILE = "QuickCookiesFinderSync/QuickCookiesFinderSync-Info.plist";
				LD_RUNPATH_SEARCH_PATHS = (
					"$(inherited)",
					"@executable_path/../Frameworks",
					"@executable_path/../../../../Frameworks",
				);
				MACOSX_DEPLOYMENT_TARGET = 13.0;
				PRODUCT_BUNDLE_IDENTIFIER = com.quickcookies.app.FinderSync;
				PRODUCT_NAME = "$(TARGET_NAME)";
				SKIP_INSTALL = YES;
				SWIFT_VERSION = 5.0;
			};
			name = Release;
		};
		VVV222222222222222222222 /* Debug */ = {
			isa = XCBuildConfiguration;
			buildSettings = {
				ALWAYS_SEARCH_USER_PATHS = NO;
				ASSETCATALOG_COMPILER_APPICON_NAME = AppIcon;
				ASSETCATALOG_COMPILER_GENERATE_SWIFT_ASSET_SYMBOL_EXTENSIONS = YES;
				CLANG_ANALYZER_NONNULL = YES;
				CLANG_ANALYZER_NUMBER_OBJECT_CONVERSION = YES_AGGRESSIVE;
				CLANG_CXX_LANGUAGE_STANDARD = "gnu++20";
				CLANG_ENABLE_MODULES = YES;
				CLANG_ENABLE_OBJC_ARC = YES;
				CLANG_ENABLE_OBJC_WEAK = YES;
				CLANG_WARN_BLOCK_CAPTURE_AUTORELEASING = YES;
				CLANG_WARN_BOOL_CONVERSION = YES;
				CLANG_WARN_COMMA = YES;
				CLANG_WARN_CONSTANT_CONVERSION = YES;
				CLANG_WARN_DEPRECATED_OBJC_IMPLEMENTATIONS = YES;
				CLANG_WARN_DIRECT_OBJC_ISA_USAGE = YES_ERROR;
				CLANG_WARN_DOCUMENTATION_COMMENTS = YES;
				CLANG_WARN_EMPTY_BODY = YES;
				CLANG_WARN_ENUM_CONVERSION = YES;
				CLANG_WARN_INFINITE_RECURSION = YES;
				CLANG_WARN_INT_CONVERSION = YES;
				CLANG_WARN_NON_LITERAL_NULL_CONVERSION = YES;
				CLANG_WARN_OBJC_IMPLICIT_RETAIN_SELF = YES;
				CLANG_WARN_OBJC_LITERAL_CONVERSION = YES;
				CLANG_WARN_OBJC_ROOT_CLASS = YES_ERROR;
				CLANG_WARN_QUOTED_INCLUDE_IN_FRAMEWORK_HEADER = YES;
				CLANG_WARN_RANGE_LOOP_ANALYSIS = YES;
				CLANG_WARN_STRICT_PROTOTYPES = YES;
				CLANG_WARN_SUSPICIOUS_MOVE = YES;
				CLANG_WARN_UNGUARDED_AVAILABILITY = YES_AGGRESSIVE;
				CLANG_WARN_UNREACHABLE_CODE = YES;
				CLANG_WARN__DUPLICATE_METHOD_MATCH = YES;
				CODE_SIGN_ENTITLEMENTS = QuickCookies/QuickCookies.entitlements;
				CODE_SIGN_STYLE = Automatic;
				COMBINE_HIDPI_IMAGES = YES;
				COPY_PHASE_STRIP = NO;
				DEAD_CODE_STRIPPING = YES;
				DEBUG_INFORMATION_FORMAT = dwarf;
				ENABLE_STRICT_OBJC_MSGSEND = YES;
				ENABLE_TESTABILITY = YES;
				ENABLE_USER_SCRIPT_SANDBOXING = YES;
				GCC_C_LANGUAGE_STANDARD = gnu17;
				GCC_DYNAMIC_NO_PIC = NO;
				GCC_NO_COMMON_BLOCKS = YES;
				GCC_OPTIMIZATION_LEVEL = 0;
				GCC_PREPROCESSOR_DEFINITIONS = (
					"DEBUG=1",
					"$(inherited)",
				);
				GCC_WARN_64_TO_32_BIT_CONVERSION = YES;
				GCC_WARN_ABOUT_RETURN_TYPE = YES_ERROR;
				GCC_WARN_UNDECLARED_SELECTOR = YES;
				GCC_WARN_UNINITIALIZED_AUTOS = YES_AGGRESSIVE;
				GCC_WARN_UNUSED_FUNCTION = YES;
				GCC_WARN_UNUSED_VARIABLE = YES;
				GENERATE_INFOPLIST_FILE = YES;
				INFOPLIST_FILE = QuickCookies/Info.plist;
				INFOPLIST_KEY_NSAppleEventsUsageDescription = "QuickCookies needs to communicate with Finder to get selected file paths.";
				INFOPLIST_KEY_NSHighResolutionCapable = YES;
				LD_RUNPATH_SEARCH_PATHS = (
					"$(inherited)",
					"@executable_path/../Frameworks",
				);
				MACOSX_DEPLOYMENT_TARGET = 13.0;
				MTL_ENABLE_DEBUG_INFO = NO;
				MTL_FAST_MATH = YES;
				ONLY_ACTIVE_ARCH = YES;
				PRODUCT_BUNDLE_IDENTIFIER = com.quickcookies.app;
				CURRENT_PROJECT_VERSION = 1;
				MARKETING_VERSION = 1.0;
				PRODUCT_NAME = "$(TARGET_NAME)";
				SDKROOT = macosx;
				SWIFT_ACTIVE_COMPILATION_CONDITIONS = "DEBUG $(inherited)";
				SWIFT_EMIT_LOC_STRINGS = YES;
				SWIFT_OPTIMIZATION_LEVEL = "-Onone";
				SWIFT_VERSION = 5.0;
				TARGETED_DEVICE_FAMILY = "";
			};
			name = Debug;
		};
		WWW333333333333333333333 /* Release */ = {
			isa = XCBuildConfiguration;
			buildSettings = {
				ALWAYS_SEARCH_USER_PATHS = NO;
				ASSETCATALOG_COMPILER_APPICON_NAME = AppIcon;
				ASSETCATALOG_COMPILER_GENERATE_SWIFT_ASSET_SYMBOL_EXTENSIONS = YES;
				CLANG_ANALYZER_NONNULL = YES;
				CLANG_ANALYZER_NUMBER_OBJECT_CONVERSION = YES_AGGRESSIVE;
				CLANG_CXX_LANGUAGE_STANDARD = "gnu++20";
				CLANG_ENABLE_MODULES = YES;
				CLANG_ENABLE_OBJC_ARC = YES;
				CLANG_ENABLE_OBJC_WEAK = YES;
				CLANG_WARN_BLOCK_CAPTURE_AUTORELEASING = YES;
				CLANG_WARN_BOOL_CONVERSION = YES;
				CLANG_WARN_COMMA = YES;
				CLANG_WARN_CONSTANT_CONVERSION = YES;
				CLANG_WARN_DEPRECATED_OBJC_IMPLEMENTATIONS = YES;
				CLANG_WARN_DIRECT_OBJC_ISA_USAGE = YES_ERROR;
				CLANG_WARN_DOCUMENTATION_COMMENTS = YES;
				CLANG_WARN_EMPTY_BODY = YES;
				CLANG_WARN_ENUM_CONVERSION = YES;
				CLANG_WARN_INFINITE_RECURSION = YES;
				CLANG_WARN_INT_CONVERSION = YES;
				CLANG_WARN_NON_LITERAL_NULL_CONVERSION = YES;
				CLANG_WARN_OBJC_IMPLICIT_RETAIN_SELF = YES;
				CLANG_WARN_OBJC_LITERAL_CONVERSION = YES;
				CLANG_WARN_OBJC_ROOT_CLASS = YES_ERROR;
				CLANG_WARN_QUOTED_INCLUDE_IN_FRAMEWORK_HEADER = YES;
				CLANG_WARN_RANGE_LOOP_ANALYSIS = YES;
				CLANG_WARN_STRICT_PROTOTYPES = YES;
				CLANG_WARN_SUSPICIOUS_MOVE = YES;
				CLANG_WARN_UNGUARDED_AVAILABILITY = YES_AGGRESSIVE;
				CLANG_WARN_UNREACHABLE_CODE = YES;
				CLANG_WARN__DUPLICATE_METHOD_MATCH = YES;
				CODE_SIGN_ENTITLEMENTS = QuickCookies/QuickCookies.entitlements;
				CODE_SIGN_STYLE = Automatic;
				COMBINE_HIDPI_IMAGES = YES;
				COPY_PHASE_STRIP = NO;
				DEAD_CODE_STRIPPING = YES;
				DEBUG_INFORMATION_FORMAT = "dwarf-with-dsym";
				ENABLE_NS_ASSERTIONS = NO;
				ENABLE_STRICT_OBJC_MSGSEND = YES;
				ENABLE_USER_SCRIPT_SANDBOXING = YES;
				GCC_C_LANGUAGE_STANDARD = gnu17;
				GCC_NO_COMMON_BLOCKS = YES;
				GCC_WARN_64_TO_32_BIT_CONVERSION = YES;
				GCC_WARN_ABOUT_RETURN_TYPE = YES_ERROR;
				GCC_WARN_UNDECLARED_SELECTOR = YES;
				GCC_WARN_UNINITIALIZED_AUTOS = YES_AGGRESSIVE;
				GCC_WARN_UNUSED_FUNCTION = YES;
				GCC_WARN_UNUSED_VARIABLE = YES;
				GENERATE_INFOPLIST_FILE = YES;
				INFOPLIST_FILE = QuickCookies/Info.plist;
				INFOPLIST_KEY_NSAppleEventsUsageDescription = "QuickCookies needs to communicate with Finder to get selected file paths.";
				INFOPLIST_KEY_NSHighResolutionCapable = YES;
				LD_RUNPATH_SEARCH_PATHS = (
					"$(inherited)",
					"@executable_path/../Frameworks",
				);
				MACOSX_DEPLOYMENT_TARGET = 13.0;
				MTL_ENABLE_DEBUG_INFO = NO;
				MTL_FAST_MATH = YES;
				PRODUCT_BUNDLE_IDENTIFIER = com.quickcookies.app;
				CURRENT_PROJECT_VERSION = 1;
				MARKETING_VERSION = 1.0;
				PRODUCT_NAME = "$(TARGET_NAME)";
				SDKROOT = macosx;
				SWIFT_COMPILATION_MODE = wholemodule;
				SWIFT_EMIT_LOC_STRINGS = YES;
				SWIFT_VERSION = 5.0;
				TARGETED_DEVICE_FAMILY = "";
			};
			name = Release;
		};
		XXX343434343434343434343 /* Debug */ = {
			isa = XCBuildConfiguration;
			buildSettings = {
				ALWAYS_SEARCH_USER_PATHS = NO;
				ASSETCATALOG_COMPILER_GENERATE_SWIFT_ASSET_SYMBOL_EXTENSIONS = YES;
				CLANG_ANALYZER_LOCALIZABILITY_NONLOCALIZED = YES;
				CLANG_ANALYZER_NONNULL = YES;
				CLANG_ANALYZER_NUMBER_OBJECT_CONVERSION = YES_AGGRESSIVE;
				CLANG_CXX_LANGUAGE_STANDARD = "gnu++20";
				CLANG_ENABLE_MODULES = YES;
				CLANG_ENABLE_OBJC_ARC = YES;
				CLANG_ENABLE_OBJC_WEAK = YES;
				CLANG_WARN_BLOCK_CAPTURE_AUTORELEASING = YES;
				CLANG_WARN_BOOL_CONVERSION = YES;
				CLANG_WARN_COMMA = YES;
				CLANG_WARN_CONSTANT_CONVERSION = YES;
				CLANG_WARN_DEPRECATED_OBJC_IMPLEMENTATIONS = YES;
				CLANG_WARN_DIRECT_OBJC_ISA_USAGE = YES_ERROR;
				CLANG_WARN_DOCUMENTATION_COMMENTS = YES;
				CLANG_WARN_EMPTY_BODY = YES;
				CLANG_WARN_ENUM_CONVERSION = YES;
				CLANG_WARN_INFINITE_RECURSION = YES;
				CLANG_WARN_INT_CONVERSION = YES;
				CLANG_WARN_NON_LITERAL_NULL_CONVERSION = YES;
				CLANG_WARN_OBJC_IMPLICIT_RETAIN_SELF = YES;
				CLANG_WARN_OBJC_LITERAL_CONVERSION = YES;
				CLANG_WARN_OBJC_ROOT_CLASS = YES_ERROR;
				CLANG_WARN_QUOTED_INCLUDE_IN_FRAMEWORK_HEADER = YES;
				CLANG_WARN_RANGE_LOOP_ANALYSIS = YES;
				CLANG_WARN_STRICT_PROTOTYPES = YES;
				CLANG_WARN_SUSPICIOUS_MOVE = YES;
				CLANG_WARN_UNGUARDED_AVAILABILITY = YES_AGGRESSIVE;
				CLANG_WARN_UNREACHABLE_CODE = YES;
				CLANG_WARN__DUPLICATE_METHOD_MATCH = YES;
				CODE_SIGN_ENTITLEMENTS = QuickCookies/QuickCookies.entitlements;
				CODE_SIGN_STYLE = Automatic;
				COMBINE_HIDPI_IMAGES = YES;
				COPY_PHASE_STRIP = NO;
				DEAD_CODE_STRIPPING = YES;
				DEBUG_INFORMATION_FORMAT = dwarf;
				ENABLE_STRICT_OBJC_MSGSEND = YES;
				ENABLE_TESTABILITY = YES;
				ENABLE_USER_SCRIPT_SANDBOXING = YES;
				GCC_C_LANGUAGE_STANDARD = gnu17;
				GCC_DYNAMIC_NO_PIC = NO;
				GCC_NO_COMMON_BLOCKS = YES;
				GCC_OPTIMIZATION_LEVEL = 0;
				GCC_PREPROCESSOR_DEFINITIONS = (
					"DEBUG=1",
					"$(inherited)",
				);
				GCC_WARN_64_TO_32_BIT_CONVERSION = YES;
				GCC_WARN_ABOUT_RETURN_TYPE = YES_ERROR;
				GCC_WARN_UNDECLARED_SELECTOR = YES;
				GCC_WARN_UNINITIALIZED_AUTOS = YES_AGGRESSIVE;
				GCC_WARN_UNUSED_FUNCTION = YES;
				GCC_WARN_UNUSED_VARIABLE = YES;
				GENERATE_INFOPLIST_FILE = YES;
				INFOPLIST_FILE = QuickCookies/Info.plist;
				INFOPLIST_KEY_NSAppleEventsUsageDescription = "QuickCookies needs to communicate with Finder to get selected file paths.";
				INFOPLIST_KEY_NSHighResolutionCapable = YES;
				LD_RUNPATH_SEARCH_PATHS = (
					"$(inherited)",
					"@executable_path/../Frameworks",
				);
				MACOSX_DEPLOYMENT_TARGET = 13.0;
				MTL_ENABLE_DEBUG_INFO = NO;
				MTL_FAST_MATH = YES;
				ONLY_ACTIVE_ARCH = YES;
				PRODUCT_BUNDLE_IDENTIFIER = com.quickcookies.app;
				PRODUCT_NAME = "$(TARGET_NAME)";
				SDKROOT = macosx;
				STRING_CATALOG_GENERATE_SYMBOLS = YES;
				SWIFT_ACTIVE_COMPILATION_CONDITIONS = "DEBUG $(inherited)";
				SWIFT_EMIT_LOC_STRINGS = YES;
				SWIFT_OPTIMIZATION_LEVEL = "-Onone";
				SWIFT_VERSION = 5.0;
				TARGETED_DEVICE_FAMILY = "";
			};
			name = Debug;
		};
		YYY454545454545454545454 /* Release */ = {
			isa = XCBuildConfiguration;
			buildSettings = {
				ALWAYS_SEARCH_USER_PATHS = NO;
				ASSETCATALOG_COMPILER_GENERATE_SWIFT_ASSET_SYMBOL_EXTENSIONS = YES;
				CLANG_ANALYZER_LOCALIZABILITY_NONLOCALIZED = YES;
				CLANG_ANALYZER_NONNULL = YES;
				CLANG_ANALYZER_NUMBER_OBJECT_CONVERSION = YES_AGGRESSIVE;
				CLANG_CXX_LANGUAGE_STANDARD = "gnu++20";
				CLANG_ENABLE_MODULES = YES;
				CLANG_ENABLE_OBJC_ARC = YES;
				CLANG_ENABLE_OBJC_WEAK = YES;
				CLANG_WARN_BLOCK_CAPTURE_AUTORELEASING = YES;
				CLANG_WARN_BOOL_CONVERSION = YES;
				CLANG_WARN_COMMA = YES;
				CLANG_WARN_CONSTANT_CONVERSION = YES;
				CLANG_WARN_DEPRECATED_OBJC_IMPLEMENTATIONS = YES;
				CLANG_WARN_DIRECT_OBJC_ISA_USAGE = YES_ERROR;
				CLANG_WARN_DOCUMENTATION_COMMENTS = YES;
				CLANG_WARN_EMPTY_BODY = YES;
				CLANG_WARN_ENUM_CONVERSION = YES;
				CLANG_WARN_INFINITE_RECURSION = YES;
				CLANG_WARN_INT_CONVERSION = YES;
				CLANG_WARN_NON_LITERAL_NULL_CONVERSION = YES;
				CLANG_WARN_OBJC_IMPLICIT_RETAIN_SELF = YES;
				CLANG_WARN_OBJC_LITERAL_CONVERSION = YES;
				CLANG_WARN_OBJC_ROOT_CLASS = YES_ERROR;
				CLANG_WARN_QUOTED_INCLUDE_IN_FRAMEWORK_HEADER = YES;
				CLANG_WARN_RANGE_LOOP_ANALYSIS = YES;
				CLANG_WARN_STRICT_PROTOTYPES = YES;
				CLANG_WARN_SUSPICIOUS_MOVE = YES;
				CLANG_WARN_UNGUARDED_AVAILABILITY = YES_AGGRESSIVE;
				CLANG_WARN_UNREACHABLE_CODE = YES;
				CLANG_WARN__DUPLICATE_METHOD_MATCH = YES;
				CODE_SIGN_ENTITLEMENTS = QuickCookies/QuickCookies.entitlements;
				CODE_SIGN_STYLE = Automatic;
				COMBINE_HIDPI_IMAGES = YES;
				COPY_PHASE_STRIP = NO;
				DEAD_CODE_STRIPPING = YES;
				DEBUG_INFORMATION_FORMAT = "dwarf-with-dsym";
				ENABLE_NS_ASSERTIONS = NO;
				ENABLE_STRICT_OBJC_MSGSEND = YES;
				ENABLE_USER_SCRIPT_SANDBOXING = YES;
				GCC_C_LANGUAGE_STANDARD = gnu17;
				GCC_NO_COMMON_BLOCKS = YES;
				GCC_WARN_64_TO_32_BIT_CONVERSION = YES;
				GCC_WARN_ABOUT_RETURN_TYPE = YES_ERROR;
				GCC_WARN_UNDECLARED_SELECTOR = YES;
				GCC_WARN_UNINITIALIZED_AUTOS = YES_AGGRESSIVE;
				GCC_WARN_UNUSED_FUNCTION = YES;
				GCC_WARN_UNUSED_VARIABLE = YES;
				GENERATE_INFOPLIST_FILE = YES;
				INFOPLIST_FILE = QuickCookies/Info.plist;
				INFOPLIST_KEY_NSAppleEventsUsageDescription = "QuickCookies needs to communicate with Finder to get selected paths.";
				INFOPLIST_KEY_NSHighResolutionCapable = YES;
				LD_RUNPATH_SEARCH_PATHS = (
					"$(inherited)",
					"@executable_path/../Frameworks",
				);
				MACOSX_DEPLOYMENT_TARGET = 13.0;
				MTL_ENABLE_DEBUG_INFO = NO;
				MTL_FAST_MATH = YES;
				PRODUCT_BUNDLE_IDENTIFIER = com.quickcookies.app;
				PRODUCT_NAME = "$(TARGET_NAME)";
				SDKROOT = macosx;
				STRING_CATALOG_GENERATE_SYMBOLS = YES;
				SWIFT_COMPILATION_MODE = wholemodule;
				SWIFT_EMIT_LOC_STRINGS = YES;
				SWIFT_VERSION = 5.0;
				TARGETED_DEVICE_FAMILY = "";
			};
			name = Release;
		};
/* End XCBuildConfiguration section */

/* Begin XCConfigurationList section */
		FSR181818181818181818181 /* Build configuration list for PBXNativeTarget "QuickCookiesFinderSync" */ = {
			isa = XCConfigurationList;
			buildConfigurations = (
				FSV222222222222222222222 /* Debug */,
				FSW333333333333333333333 /* Release */,
			);
			defaultConfigurationIsVisible = 0;
			defaultConfigurationName = Release;
		};
		RRR181818181818181818181 /* Build configuration list for PBXNativeTarget "QuickCookies" */ = {
			isa = XCConfigurationList;
			buildConfigurations = (
				VVV222222222222222222222 /* Debug */,
				WWW333333333333333333333 /* Release */,
			);
			defaultConfigurationIsVisible = 0;
			defaultConfigurationName = Release;
		};
		TSTCFG000000000000000001 /* Build configuration list for PBXNativeTarget "QuickCookiesTests" */ = {
			isa = XCConfigurationList;
			buildConfigurations = (
				TSTDBG000000000000000001 /* Debug */,
				TSTREL000000000000000001 /* Release */,
			);
			defaultConfigurationIsVisible = 0;
			defaultConfigurationName = Release;
		};
		UUU212121212121212121212 /* Build configuration list for PBXProject "QuickCookies" */ = {
			isa = XCConfigurationList;
			buildConfigurations = (
				XXX343434343434343434343 /* Debug */,
				YYY454545454545454545454 /* Release */,
			);
			defaultConfigurationIsVisible = 0;
			defaultConfigurationName = Release;
		};
/* End XCConfigurationList section */

/* Begin XCRemoteSwiftPackageReference section */
		835FB60E2FCA94E800D2395C /* XCRemoteSwiftPackageReference "swift-markdown-ui" */ = {
			isa = XCRemoteSwiftPackageReference;
			repositoryURL = "https://github.com/gonzalezreal/swift-markdown-ui.git";
			requirement = {
				kind = upToNextMajorVersion;
				minimumVersion = 2.4.0;
			};
		};
		835FB6112FCA950400D2395C /* XCRemoteSwiftPackageReference "Highlightr" */ = {
			isa = XCRemoteSwiftPackageReference;
			repositoryURL = "https://github.com/raspu/Highlightr.git";
			requirement = {
				kind = upToNextMajorVersion;
				minimumVersion = 2.1.0;
			};
		};
/* End XCRemoteSwiftPackageReference section */

/* Begin XCSwiftPackageProductDependency section */
		835FB60F2FCA94E800D2395C /* MarkdownUI */ = {
			isa = XCSwiftPackageProductDependency;
			package = 835FB60E2FCA94E800D2395C /* XCRemoteSwiftPackageReference "swift-markdown-ui" */;
			productName = MarkdownUI;
		};
		835FB6122FCA950400D2395C /* Highlightr */ = {
			isa = XCSwiftPackageProductDependency;
			package = 835FB6112FCA950400D2395C /* XCRemoteSwiftPackageReference "Highlightr" */;
			productName = Highlightr;
		};
/* End XCSwiftPackageProductDependency section */
	};
	rootObject = TTT202020202020202020202 /* Project object */;
}
