// !$*UTF8*$!
{
	archiveVersion = 1;
	classes = {
	};
	objectVersion = 56;
	objects = {

/* Begin PBXBuildFile section */
		04C42AD9B8657A3924158DE2 /* ContentView.swift in Sources */ = {isa = PBXBuildFile; fileRef = 860647CBF168ADB4692AFB63 /* ContentView.swift */; };
		21D2DE1178C6759287E735C5 /* CodeView.swift in Sources */ = {isa = PBXBuildFile; fileRef = 55E3A065B775ACFE729BDE15 /* CodeView.swift */; };
		2DD3FEAD2ABF97565DA77A2C /* AppDelegate.swift in Sources */ = {isa = PBXBuildFile; fileRef = 753F94AD7ABEFFC057AAA2DE /* AppDelegate.swift */; };
		374B0AA0DBFB3768D498AD14 /* HotkeyManager.swift in Sources */ = {isa = PBXBuildFile; fileRef = 031B5AD657BAE17A14E65A87 /* HotkeyManager.swift */; };
		3A2E710F92BB390B19278C21 /* Constants.swift in Sources */ = {isa = PBXBuildFile; fileRef = 94269EDF755E0DD605801286 /* Constants.swift */; };
		598A4CD295296410FDE95ABE /* FileDetector.swift in Sources */ = {isa = PBXBuildFile; fileRef = C61407483B4F8F25CF2BA6C7 /* FileDetector.swift */; };
		641CE1BE77D1A872196AB165 /* FileTypeClassifier.swift in Sources */ = {isa = PBXBuildFile; fileRef = A7AA2E8A55B09BC0FF2E83A0 /* FileTypeClassifier.swift */; };
		835FB6102FCA94E800D2395C /* MarkdownUI in Frameworks */ = {isa = PBXBuildFile; productRef = 835FB60F2FCA94E800D2395C /* MarkdownUI */; };
		835FB6132FCA950400D2395C /* Highlightr in Frameworks */ = {isa = PBXBuildFile; productRef = 835FB6122FCA950400D2395C /* Highlightr */; };
		835FB6162FCA950400D2395D /* HighlightCache.swift in Sources */ = {isa = PBXBuildFile; fileRef = 835FB6152FCA950400D2395D /* HighlightCache.swift */; };
		835FB6182FCA950400D2395E /* HighlightrCodeSyntaxHighlighter.swift in Sources */ = {isa = PBXBuildFile; fileRef = 835FB6172FCA950400D2395E /* HighlightrCodeSyntaxHighlighter.swift */; };
		835FB61A2FCA950400D2395F /* QuickLookOverlayModifier.swift in Sources */ = {isa = PBXBuildFile; fileRef = 835FB6192FCA950400D2395F /* QuickLookOverlayModifier.swift */; };
		8EA7E2FA49A52C6CB2AE5A5E /* EditorView.swift in Sources */ = {isa = PBXBuildFile; fileRef = 391364AE6149F12AED4BFFFC /* EditorView.swift */; };
			962C8A503D0B4CA6963E2B94 /* QuickLookOverlay.swift in Sources */ = {isa = PBXBuildFile; fileRef = B76F46CEB24C42779E84EBBE /* QuickLookOverlay.swift */; };
			71D913A0ECB64193A25A4044 /* MarkdownTextView.swift in Sources */ = {isa = PBXBuildFile; fileRef = 460FA400CC4F4F828DB39EFA /* MarkdownTextView.swift */; };
		A23C977659B0910F9D58A41B /* FileUtils.swift in Sources */ = {isa = PBXBuildFile; fileRef = 8CB74C8B4C3A792598259E87 /* FileUtils.swift */; };
		AAA111111111111111111111 /* QuickPeekApp.swift in Sources */ = {isa = PBXBuildFile; fileRef = BBB222222222222222222222 /* QuickPeekApp.swift */; };
		C2B47F163AC772A6BD9CD6B5 /* SettingsWindow.swift in Sources */ = {isa = PBXBuildFile; fileRef = B87D7CAF1B4B8FAFF363B543 /* SettingsWindow.swift */; };
		CC3B6172EFBB3884582E6DB9 /* MarkdownView.swift in Sources */ = {isa = PBXBuildFile; fileRef = 6240A15DD8E31603B40D6CC6 /* MarkdownView.swift */; };
		D02C04567F8A13B8EE46D917 /* ToastView.swift in Sources */ = {isa = PBXBuildFile; fileRef = CC8B9C87C1019A1BEC529314 /* ToastView.swift */; };
		D89BC4645FD2337D32C9072C /* EncodingDetector.swift in Sources */ = {isa = PBXBuildFile; fileRef = 2724C2DCD3C66C24CC15D6E7 /* EncodingDetector.swift */; };
		DA83EA46F6AB177473BC0393 /* Settings.swift in Sources */ = {isa = PBXBuildFile; fileRef = D643EEA9D20E7A954D49ED4C /* Settings.swift */; };
		FC17D463B0B7C2B8817DCA5B /* SyntaxHighlighter.swift in Sources */ = {isa = PBXBuildFile; fileRef = 4282BAE5CE686021AF7F3F5C /* SyntaxHighlighter.swift */; };
		FMI000000000000000000001 /* FinderMenuIntegration.swift in Sources */ = {isa = PBXBuildFile; fileRef = FMI000000000000000000002 /* FinderMenuIntegration.swift */; };
		AST141414141414141414141 /* Assets.xcassets in Resources */ = {isa = PBXBuildFile; fileRef = AST141414141414141414142 /* Assets.xcassets */; };
/* End PBXBuildFile section */

/* Begin PBXFileReference section */
		031B5AD657BAE17A14E65A87 /* HotkeyManager.swift */ = {isa = PBXFileReference; lastKnownFileType = sourcecode.swift; path = HotkeyManager.swift; sourceTree = "<group>"; };
		2724C2DCD3C66C24CC15D6E7 /* EncodingDetector.swift */ = {isa = PBXFileReference; lastKnownFileType = sourcecode.swift; path = EncodingDetector.swift; sourceTree = "<group>"; };
		391364AE6149F12AED4BFFFC /* EditorView.swift */ = {isa = PBXFileReference; lastKnownFileType = sourcecode.swift; path = EditorView.swift; sourceTree = "<group>"; };
		4282BAE5CE686021AF7F3F5C /* SyntaxHighlighter.swift */ = {isa = PBXFileReference; lastKnownFileType = sourcecode.swift; path = SyntaxHighlighter.swift; sourceTree = "<group>"; };
		55E3A065B775ACFE729BDE15 /* CodeView.swift */ = {isa = PBXFileReference; lastKnownFileType = sourcecode.swift; path = CodeView.swift; sourceTree = "<group>"; };
		6240A15DD8E31603B40D6CC6 /* MarkdownView.swift */ = {isa = PBXFileReference; lastKnownFileType = sourcecode.swift; path = MarkdownView.swift; sourceTree = "<group>"; };
		753F94AD7ABEFFC057AAA2DE /* AppDelegate.swift */ = {isa = PBXFileReference; lastKnownFileType = sourcecode.swift; path = AppDelegate.swift; sourceTree = "<group>"; };
		835FB6152FCA950400D2395D /* HighlightCache.swift */ = {isa = PBXFileReference; lastKnownFileType = sourcecode.swift; path = HighlightCache.swift; sourceTree = "<group>"; };
		835FB6172FCA950400D2395E /* HighlightrCodeSyntaxHighlighter.swift */ = {isa = PBXFileReference; lastKnownFileType = sourcecode.swift; path = HighlightrCodeSyntaxHighlighter.swift; sourceTree = "<group>"; };
		835FB6192FCA950400D2395F /* QuickLookOverlayModifier.swift */ = {isa = PBXFileReference; lastKnownFileType = sourcecode.swift; path = QuickLookOverlayModifier.swift; sourceTree = "<group>"; };
		860647CBF168ADB4692AFB63 /* ContentView.swift */ = {isa = PBXFileReference; lastKnownFileType = sourcecode.swift; path = ContentView.swift; sourceTree = "<group>"; };
		8CB74C8B4C3A792598259E87 /* FileUtils.swift */ = {isa = PBXFileReference; lastKnownFileType = sourcecode.swift; path = FileUtils.swift; sourceTree = "<group>"; };
		94269EDF755E0DD605801286 /* Constants.swift */ = {isa = PBXFileReference; lastKnownFileType = sourcecode.swift; path = Constants.swift; sourceTree = "<group>"; };
		A7AA2E8A55B09BC0FF2E83A0 /* FileTypeClassifier.swift */ = {isa = PBXFileReference; lastKnownFileType = sourcecode.swift; path = FileTypeClassifier.swift; sourceTree = "<group>"; };
		B87D7CAF1B4B8FAFF363B543 /* SettingsWindow.swift */ = {isa = PBXFileReference; lastKnownFileType = sourcecode.swift; path = SettingsWindow.swift; sourceTree = "<group>"; };
		BBB222222222222222222222 /* QuickPeekApp.swift */ = {isa = PBXFileReference; lastKnownFileType = sourcecode.swift; path = QuickPeekApp.swift; sourceTree = "<group>"; };
		C61407483B4F8F25CF2BA6C7 /* FileDetector.swift */ = {isa = PBXFileReference; lastKnownFileType = sourcecode.swift; path = FileDetector.swift; sourceTree = "<group>"; };
		CC8B9C87C1019A1BEC529314 /* ToastView.swift */ = {isa = PBXFileReference; lastKnownFileType = sourcecode.swift; path = ToastView.swift; sourceTree = "<group>"; };
		CCC333333333333333333333 /* Info.plist */ = {isa = PBXFileReference; lastKnownFileType = text.plist.xml; path = Info.plist; sourceTree = "<group>"; };
		D643EEA9D20E7A954D49ED4C /* Settings.swift */ = {isa = PBXFileReference; lastKnownFileType = sourcecode.swift; path = Settings.swift; sourceTree = "<group>"; };
		DDD444444444444444444444 /* QuickPeek.entitlements */ = {isa = PBXFileReference; lastKnownFileType = text.plist.entitlements; path = QuickPeek.entitlements; sourceTree = "<group>"; };
		EEE555555555555555555555 /* QuickPeek.app */ = {isa = PBXFileReference; explicitFileType = wrapper.application; includeInIndex = 0; path = QuickPeek.app; sourceTree = BUILT_PRODUCTS_DIR; };
			460FA400CC4F4F828DB39EFA /* MarkdownTextView.swift */ = {isa = PBXFileReference; lastKnownFileType = sourcecode.swift; path = MarkdownTextView.swift; sourceTree = "<group>"; };
			B76F46CEB24C42779E84EBBE /* QuickLookOverlay.swift */ = {isa = PBXFileReference; lastKnownFileType = sourcecode.swift; path = QuickLookOverlay.swift; sourceTree = "<group>"; };
		FMI000000000000000000002 /* FinderMenuIntegration.swift */ = {isa = PBXFileReference; lastKnownFileType = sourcecode.swift; path = FinderMenuIntegration.swift; sourceTree = "<group>"; };
		AST141414141414141414142 /* Assets.xcassets */ = {isa = PBXFileReference; lastKnownFileType = folder.assetcatalog; name = Assets.xcassets; path = Assets.xcassets; sourceTree = "<group>"; };
/* End PBXFileReference section */

/* Begin PBXFrameworksBuildPhase section */
		FFF666666666666666666666 /* Frameworks */ = {
			isa = PBXFrameworksBuildPhase;
			buildActionMask = 2147483647;
			files = (
				835FB6132FCA950400D2395C /* Highlightr in Frameworks */,
				835FB6102FCA94E800D2395C /* MarkdownUI in Frameworks */,
			);
			runOnlyForDeploymentPostprocessing = 0;
		};
/* End PBXFrameworksBuildPhase section */

/* Begin PBXGroup section */
		GGG777777777777777777777 /* QuickPeek */ = {
			isa = PBXGroup;
			children = (
				HHH888888888888888888888 /* App */,
				III999999999999999999999 /* Core */,
				JJJ10101010101010101010 /* UI */,
				KKK111111111111111111111 /* Renderer */,
				LLL121212121212121212121 /* Utils */,
				MMM131313131313131313131 /* Config */,
				NNN141414141414141414141 /* Resources */,
				CCC333333333333333333333 /* Info.plist */,
				DDD444444444444444444444 /* QuickPeek.entitlements */,
			);
			path = QuickPeek;
			sourceTree = "<group>";
		};
		HHH888888888888888888888 /* App */ = {
			isa = PBXGroup;
			children = (
				BBB222222222222222222222 /* QuickPeekApp.swift */,
				753F94AD7ABEFFC057AAA2DE /* AppDelegate.swift */,
			);
			path = App;
			sourceTree = "<group>";
		};
		III999999999999999999999 /* Core */ = {
			isa = PBXGroup;
			children = (
				C61407483B4F8F25CF2BA6C7 /* FileDetector.swift */,
				A7AA2E8A55B09BC0FF2E83A0 /* FileTypeClassifier.swift */,
				031B5AD657BAE17A14E65A87 /* HotkeyManager.swift */,
				FMI000000000000000000002 /* FinderMenuIntegration.swift */,
			);
			path = Core;
			sourceTree = "<group>";
		};
		JJJ10101010101010101010 /* UI */ = {
			isa = PBXGroup;
			children = (
				860647CBF168ADB4692AFB63 /* ContentView.swift */,
				6240A15DD8E31603B40D6CC6 /* MarkdownView.swift */,
				55E3A065B775ACFE729BDE15 /* CodeView.swift */,
					460FA400CC4F4F828DB39EFA /* MarkdownTextView.swift */,
				391364AE6149F12AED4BFFFC /* EditorView.swift */,
					B76F46CEB24C42779E84EBBE /* QuickLookOverlay.swift */,
				835FB6192FCA950400D2395F /* QuickLookOverlayModifier.swift */,
				B87D7CAF1B4B8FAFF363B543 /* SettingsWindow.swift */,
				CC8B9C87C1019A1BEC529314 /* ToastView.swift */,
			);
			path = UI;
			sourceTree = "<group>";
		};
		KKK111111111111111111111 /* Renderer */ = {
			isa = PBXGroup;
			children = (
				835FB6152FCA950400D2395D /* HighlightCache.swift */,
				835FB6172FCA950400D2395E /* HighlightrCodeSyntaxHighlighter.swift */,
				4282BAE5CE686021AF7F3F5C /* SyntaxHighlighter.swift */,
			);
			path = Renderer;
			sourceTree = "<group>";
		};
		LLL121212121212121212121 /* Utils */ = {
			isa = PBXGroup;
			children = (
				2724C2DCD3C66C24CC15D6E7 /* EncodingDetector.swift */,
				8CB74C8B4C3A792598259E87 /* FileUtils.swift */,
			);
			path = Utils;
			sourceTree = "<group>";
		};
		MMM131313131313131313131 /* Config */ = {
			isa = PBXGroup;
			children = (
				94269EDF755E0DD605801286 /* Constants.swift */,
				D643EEA9D20E7A954D49ED4C /* Settings.swift */,
			);
			path = Config;
			sourceTree = "<group>";
		};
		NNN141414141414141414141 /* Resources */ = {
			isa = PBXGroup;
			children = (
				AST141414141414141414142 /* Assets.xcassets */,
			);
			path = Resources;
			sourceTree = "<group>";
		};
		OOO151515151515151515151 = {
			isa = PBXGroup;
			children = (
				GGG777777777777777777777 /* QuickPeek */,
				PPP161616161616161616161 /* Products */,
			);
			sourceTree = "<group>";
		};
		PPP161616161616161616161 /* Products */ = {
			isa = PBXGroup;
			children = (
				EEE555555555555555555555 /* QuickPeek.app */,
			);
			name = Products;
			sourceTree = "<group>";
		};
/* End PBXGroup section */

/* Begin PBXNativeTarget section */
		QQQ171717171717171717171 /* QuickPeek */ = {
			isa = PBXNativeTarget;
			buildConfigurationList = RRR181818181818181818181 /* Build configuration list for PBXNativeTarget "QuickPeek" */;
			buildPhases = (
				SSS191919191919191919191 /* Sources */,
				FFF666666666666666666666 /* Frameworks */,
				RES141414141414141414141 /* Resources */,
			);
			buildRules = (
			);
			dependencies = (
			);
			name = QuickPeek;
			productName = QuickPeek;
			productReference = EEE555555555555555555555 /* QuickPeek.app */;
			productType = "com.apple.product-type.application";
		};
/* End PBXNativeTarget section */

/* Begin PBXResourcesBuildPhase section */
		RES141414141414141414141 /* Resources */ = {
			isa = PBXResourcesBuildPhase;
			buildActionMask = 2147483647;
			files = (
				AST141414141414141414141 /* Assets.xcassets in Resources */,
			);
			runOnlyForDeploymentPostprocessing = 0;
		};
/* End PBXResourcesBuildPhase section */

/* Begin PBXProject section */
		TTT202020202020202020202 /* Project object */ = {
			isa = PBXProject;
			attributes = {
				BuildIndependentTargetsInParallel = 1;
				LastSwiftUpdate = 2023;
				LastUpgradeCheck = 2640;
				TargetAttributes = {
					QQQ171717171717171717171 = {
						CreatedOnToolsVersion = 15.0;
					};
				};
			};
			buildConfigurationList = UUU212121212121212121212 /* Build configuration list for PBXProject "QuickPeek" */;
			compatibilityVersion = "Xcode 14.0";
			developmentRegion = en;
			hasScannedForEncodings = 0;
			knownRegions = (
				en,
				Base,
				"zh-Hans",
			);
			mainGroup = OOO151515151515151515151;
			packageReferences = (
				835FB60E2FCA94E800D2395C /* XCRemoteSwiftPackageReference "swift-markdown-ui" */,
				835FB6112FCA950400D2395C /* XCRemoteSwiftPackageReference "Highlightr" */,
			);
			productRefGroup = PPP161616161616161616161 /* Products */;
			projectDirPath = "";
			projectRoot = "";
			targets = (
				QQQ171717171717171717171 /* QuickPeek */,
			);
		};
/* End PBXProject section */

/* Begin PBXSourcesBuildPhase section */
		SSS191919191919191919191 /* Sources */ = {
			isa = PBXSourcesBuildPhase;
			buildActionMask = 2147483647;
			files = (
				AAA111111111111111111111 /* QuickPeekApp.swift in Sources */,
				2DD3FEAD2ABF97565DA77A2C /* AppDelegate.swift in Sources */,
				3A2E710F92BB390B19278C21 /* Constants.swift in Sources */,
				DA83EA46F6AB177473BC0393 /* Settings.swift in Sources */,
				598A4CD295296410FDE95ABE /* FileDetector.swift in Sources */,
				641CE1BE77D1A872196AB165 /* FileTypeClassifier.swift in Sources */,
				374B0AA0DBFB3768D498AD14 /* HotkeyManager.swift in Sources */,
				FMI000000000000000000001 /* FinderMenuIntegration.swift in Sources */,
				835FB6162FCA950400D2395D /* HighlightCache.swift in Sources */,
				835FB6182FCA950400D2395E /* HighlightrCodeSyntaxHighlighter.swift in Sources */,
				835FB61A2FCA950400D2395F /* QuickLookOverlayModifier.swift in Sources */,
				FC17D463B0B7C2B8817DCA5B /* SyntaxHighlighter.swift in Sources */,
				D02C04567F8A13B8EE46D917 /* ToastView.swift in Sources */,
				CC3B6172EFBB3884582E6DB9 /* MarkdownView.swift in Sources */,
				21D2DE1178C6759287E735C5 /* CodeView.swift in Sources */,
				8EA7E2FA49A52C6CB2AE5A5E /* EditorView.swift in Sources */,
				04C42AD9B8657A3924158DE2 /* ContentView.swift in Sources */,
				C2B47F163AC772A6BD9CD6B5 /* SettingsWindow.swift in Sources */,
				D89BC4645FD2337D32C9072C /* EncodingDetector.swift in Sources */,
					71D913A0ECB64193A25A4044 /* MarkdownTextView.swift in Sources */,
				A23C977659B0910F9D58A41B /* FileUtils.swift in Sources */,
					962C8A503D0B4CA6963E2B94 /* QuickLookOverlay.swift in Sources */,
			);
			runOnlyForDeploymentPostprocessing = 0;
		};
/* End PBXSourcesBuildPhase section */

/* Begin XCBuildConfiguration section */
		VVV222222222222222222222 /* Debug */ = {
			isa = XCBuildConfiguration;
			buildSettings = {
				ALWAYS_SEARCH_USER_PATHS = NO;
				ASSETCATALOG_COMPILER_GENERATE_SWIFT_ASSET_SYMBOL_EXTENSIONS = YES;
				CLANG_ANALYZER_NONNULL = YES;
				CLANG_ANALYZER_NUMBER_OBJECT_CONVERSION = YES_AGGRESSIVE;
				CLANG_CXX_LANGUAGE_STANDARD = "gnu++20";
				CLANG_ENABLE_MODULES = YES;
				CLANG_ENABLE_OBJC_ARC = YES;
				CLANG_ENABLE_OBJC_WEAK = YES;
				CLANG_WARN_BLOCK_CAPTURE_AUTORELEASING = YES;
				CLANG_WARN_BOOL_CONVERSION = YES;
				CLANG_WARN_COMMA = YES;
				CLANG_WARN_CONSTANT_CONVERSION = YES;
				CLANG_WARN_DEPRECATED_OBJC_IMPLEMENTATIONS = YES;
				CLANG_WARN_DIRECT_OBJC_ISA_USAGE = YES_ERROR;
				CLANG_WARN_DOCUMENTATION_COMMENTS = YES;
				CLANG_WARN_EMPTY_BODY = YES;
				CLANG_WARN_ENUM_CONVERSION = YES;
				CLANG_WARN_INFINITE_RECURSION = YES;
				CLANG_WARN_INT_CONVERSION = YES;
				CLANG_WARN_NON_LITERAL_NULL_CONVERSION = YES;
				CLANG_WARN_OBJC_IMPLICIT_RETAIN_SELF = YES;
				CLANG_WARN_OBJC_LITERAL_CONVERSION = YES;
				CLANG_WARN_OBJC_ROOT_CLASS = YES_ERROR;
				CLANG_WARN_QUOTED_INCLUDE_IN_FRAMEWORK_HEADER = YES;
				CLANG_WARN_RANGE_LOOP_ANALYSIS = YES;
				CLANG_WARN_STRICT_PROTOTYPES = YES;
				CLANG_WARN_SUSPICIOUS_MOVE = YES;
				CLANG_WARN_UNGUARDED_AVAILABILITY = YES_AGGRESSIVE;
				CLANG_WARN_UNREACHABLE_CODE = YES;
				CLANG_WARN__DUPLICATE_METHOD_MATCH = YES;
				CODE_SIGN_ENTITLEMENTS = QuickPeek/QuickPeek.entitlements;
				CODE_SIGN_STYLE = Automatic;
				COMBINE_HIDPI_IMAGES = YES;
				COPY_PHASE_STRIP = NO;
				DEAD_CODE_STRIPPING = YES;
				DEBUG_INFORMATION_FORMAT = dwarf;
				ENABLE_STRICT_OBJC_MSGSEND = YES;
				ENABLE_TESTABILITY = YES;
				ENABLE_USER_SCRIPT_SANDBOXING = YES;
				GCC_C_LANGUAGE_STANDARD = gnu17;
				GCC_DYNAMIC_NO_PIC = NO;
				GCC_NO_COMMON_BLOCKS = YES;
				GCC_OPTIMIZATION_LEVEL = 0;
				GCC_PREPROCESSOR_DEFINITIONS = (
					"DEBUG=1",
					"$(inherited)",
				);
				GCC_WARN_64_TO_32_BIT_CONVERSION = YES;
				GCC_WARN_ABOUT_RETURN_TYPE = YES_ERROR;
				GCC_WARN_UNDECLARED_SELECTOR = YES;
				GCC_WARN_UNINITIALIZED_AUTOS = YES_AGGRESSIVE;
				GCC_WARN_UNUSED_FUNCTION = YES;
				GCC_WARN_UNUSED_VARIABLE = YES;
				ASSETCATALOG_COMPILER_APPICON_NAME = AppIcon;
				GENERATE_INFOPLIST_FILE = YES;
				INFOPLIST_FILE = QuickPeek/Info.plist;
				INFOPLIST_KEY_NSAppleEventsUsageDescription = "QuickPeek needs to communicate with Finder to get selected file paths.";
				INFOPLIST_KEY_NSHighResolutionCapable = YES;
				LD_RUNPATH_SEARCH_PATHS = (
					"$(inherited)",
					"@executable_path/../Frameworks",
				);
				MACOSX_DEPLOYMENT_TARGET = 13.0;
				MTL_ENABLE_DEBUG_INFO = NO;
				MTL_FAST_MATH = YES;
				ONLY_ACTIVE_ARCH = YES;
				PRODUCT_BUNDLE_IDENTIFIER = com.quickpeek.app;
				PRODUCT_NAME = "$(TARGET_NAME)";
				SDKROOT = macosx;
				SWIFT_ACTIVE_COMPILATION_CONDITIONS = "DEBUG $(inherited)";
				SWIFT_EMIT_LOC_STRINGS = YES;
				SWIFT_OPTIMIZATION_LEVEL = "-Onone";
				SWIFT_VERSION = 5.0;
				TARGETED_DEVICE_FAMILY = "";
			};
			name = Debug;
		};
		WWW333333333333333333333 /* Release */ = {
			isa = XCBuildConfiguration;
			buildSettings = {
				ALWAYS_SEARCH_USER_PATHS = NO;
				ASSETCATALOG_COMPILER_GENERATE_SWIFT_ASSET_SYMBOL_EXTENSIONS = YES;
				CLANG_ANALYZER_NONNULL = YES;
				CLANG_ANALYZER_NUMBER_OBJECT_CONVERSION = YES_AGGRESSIVE;
				CLANG_CXX_LANGUAGE_STANDARD = "gnu++20";
				CLANG_ENABLE_MODULES = YES;
				CLANG_ENABLE_OBJC_ARC = YES;
				CLANG_ENABLE_OBJC_WEAK = YES;
				CLANG_WARN_BLOCK_CAPTURE_AUTORELEASING = YES;
				CLANG_WARN_BOOL_CONVERSION = YES;
				CLANG_WARN_COMMA = YES;
				CLANG_WARN_CONSTANT_CONVERSION = YES;
				CLANG_WARN_DEPRECATED_OBJC_IMPLEMENTATIONS = YES;
				CLANG_WARN_DIRECT_OBJC_ISA_USAGE = YES_ERROR;
				CLANG_WARN_DOCUMENTATION_COMMENTS = YES;
				CLANG_WARN_EMPTY_BODY = YES;
				CLANG_WARN_ENUM_CONVERSION = YES;
				CLANG_WARN_INFINITE_RECURSION = YES;
				CLANG_WARN_INT_CONVERSION = YES;
				CLANG_WARN_NON_LITERAL_NULL_CONVERSION = YES;
				CLANG_WARN_OBJC_IMPLICIT_RETAIN_SELF = YES;
				CLANG_WARN_OBJC_LITERAL_CONVERSION = YES;
				CLANG_WARN_OBJC_ROOT_CLASS = YES_ERROR;
				CLANG_WARN_QUOTED_INCLUDE_IN_FRAMEWORK_HEADER = YES;
				CLANG_WARN_RANGE_LOOP_ANALYSIS = YES;
				CLANG_WARN_STRICT_PROTOTYPES = YES;
				CLANG_WARN_SUSPICIOUS_MOVE = YES;
				CLANG_WARN_UNGUARDED_AVAILABILITY = YES_AGGRESSIVE;
				CLANG_WARN_UNREACHABLE_CODE = YES;
				CLANG_WARN__DUPLICATE_METHOD_MATCH = YES;
				CODE_SIGN_ENTITLEMENTS = QuickPeek/QuickPeek.entitlements;
				CODE_SIGN_STYLE = Automatic;
				COMBINE_HIDPI_IMAGES = YES;
				COPY_PHASE_STRIP = NO;
				DEAD_CODE_STRIPPING = YES;
				DEBUG_INFORMATION_FORMAT = "dwarf-with-dsym";
				ENABLE_NS_ASSERTIONS = NO;
				ENABLE_STRICT_OBJC_MSGSEND = YES;
				ENABLE_USER_SCRIPT_SANDBOXING = YES;
				GCC_C_LANGUAGE_STANDARD = gnu17;
				GCC_NO_COMMON_BLOCKS = YES;
				GCC_WARN_64_TO_32_BIT_CONVERSION = YES;
				GCC_WARN_ABOUT_RETURN_TYPE = YES_ERROR;
				GCC_WARN_UNDECLARED_SELECTOR = YES;
				GCC_WARN_UNINITIALIZED_AUTOS = YES_AGGRESSIVE;
				GCC_WARN_UNUSED_FUNCTION = YES;
				GCC_WARN_UNUSED_VARIABLE = YES;
				ASSETCATALOG_COMPILER_APPICON_NAME = AppIcon;
				GENERATE_INFOPLIST_FILE = YES;
				INFOPLIST_FILE = QuickPeek/Info.plist;
				INFOPLIST_KEY_NSAppleEventsUsageDescription = "QuickPeek needs to communicate with Finder to get selected file paths.";
				INFOPLIST_KEY_NSHighResolutionCapable = YES;
				LD_RUNPATH_SEARCH_PATHS = (
					"$(inherited)",
					"@executable_path/../Frameworks",
				);
				MACOSX_DEPLOYMENT_TARGET = 13.0;
				MTL_ENABLE_DEBUG_INFO = NO;
				MTL_FAST_MATH = YES;
				PRODUCT_BUNDLE_IDENTIFIER = com.quickpeek.app;
				PRODUCT_NAME = "$(TARGET_NAME)";
				SDKROOT = macosx;
				SWIFT_COMPILATION_MODE = wholemodule;
				SWIFT_EMIT_LOC_STRINGS = YES;
				SWIFT_VERSION = 5.0;
				TARGETED_DEVICE_FAMILY = "";
			};
			name = Release;
		};
		XXX343434343434343434343 /* Debug */ = {
			isa = XCBuildConfiguration;
			buildSettings = {
				ALWAYS_SEARCH_USER_PATHS = NO;
				CLANG_ANALYZER_LOCALIZABILITY_NONLOCALIZED = YES;
				CLANG_ANALYZER_NONNULL = YES;
				CLANG_ANALYZER_NUMBER_OBJECT_CONVERSION = YES_AGGRESSIVE;
				CLANG_CXX_LANGUAGE_STANDARD = "gnu++20";
				CLANG_ENABLE_MODULES = YES;
				CLANG_ENABLE_OBJC_ARC = YES;
				CLANG_ENABLE_OBJC_WEAK = YES;
				CLANG_WARN_BLOCK_CAPTURE_AUTORELEASING = YES;
				CLANG_WARN_BOOL_CONVERSION = YES;
				CLANG_WARN_COMMA = YES;
				CLANG_WARN_CONSTANT_CONVERSION = YES;
				CLANG_WARN_DEPRECATED_OBJC_IMPLEMENTATIONS = YES;
				CLANG_WARN_DIRECT_OBJC_ISA_USAGE = YES_ERROR;
				CLANG_WARN_DOCUMENTATION_COMMENTS = YES;
				CLANG_WARN_EMPTY_BODY = YES;
				CLANG_WARN_ENUM_CONVERSION = YES;
				CLANG_WARN_INFINITE_RECURSION = YES;
				CLANG_WARN_INT_CONVERSION = YES;
				CLANG_WARN_NON_LITERAL_NULL_CONVERSION = YES;
				CLANG_WARN_OBJC_IMPLICIT_RETAIN_SELF = YES;
				CLANG_WARN_OBJC_LITERAL_CONVERSION = YES;
				CLANG_WARN_OBJC_ROOT_CLASS = YES_ERROR;
				CLANG_WARN_QUOTED_INCLUDE_IN_FRAMEWORK_HEADER = YES;
				CLANG_WARN_RANGE_LOOP_ANALYSIS = YES;
				CLANG_WARN_STRICT_PROTOTYPES = YES;
				CLANG_WARN_SUSPICIOUS_MOVE = YES;
				CLANG_WARN_UNGUARDED_AVAILABILITY = YES_AGGRESSIVE;
				CLANG_WARN_UNREACHABLE_CODE = YES;
				CLANG_WARN__DUPLICATE_METHOD_MATCH = YES;
				CODE_SIGN_ENTITLEMENTS = QuickPeek/QuickPeek.entitlements;
				CODE_SIGN_STYLE = Automatic;
				COMBINE_HIDPI_IMAGES = YES;
				COPY_PHASE_STRIP = NO;
				DEAD_CODE_STRIPPING = YES;
				DEBUG_INFORMATION_FORMAT = dwarf;
				ENABLE_STRICT_OBJC_MSGSEND = YES;
				ENABLE_TESTABILITY = YES;
				ENABLE_USER_SCRIPT_SANDBOXING = YES;
				GCC_C_LANGUAGE_STANDARD = gnu17;
				GCC_DYNAMIC_NO_PIC = NO;
				GCC_NO_COMMON_BLOCKS = YES;
				GCC_OPTIMIZATION_LEVEL = 0;
				GCC_PREPROCESSOR_DEFINITIONS = (
					"DEBUG=1",
					"$(inherited)",
				);
				GCC_WARN_64_TO_32_BIT_CONVERSION = YES;
				GCC_WARN_ABOUT_RETURN_TYPE = YES_ERROR;
				GCC_WARN_UNDECLARED_SELECTOR = YES;
				GCC_WARN_UNINITIALIZED_AUTOS = YES_AGGRESSIVE;
				GCC_WARN_UNUSED_FUNCTION = YES;
				GCC_WARN_UNUSED_VARIABLE = YES;
				GENERATE_INFOPLIST_FILE = YES;
				INFOPLIST_FILE = QuickPeek/Info.plist;
				INFOPLIST_KEY_NSAppleEventsUsageDescription = "QuickPeek needs to communicate with Finder to get selected file paths.";
				INFOPLIST_KEY_NSHighResolutionCapable = YES;
				LD_RUNPATH_SEARCH_PATHS = (
					"$(inherited)",
					"@executable_path/../Frameworks",
				);
				MACOSX_DEPLOYMENT_TARGET = 13.0;
				MTL_ENABLE_DEBUG_INFO = NO;
				MTL_FAST_MATH = YES;
				ONLY_ACTIVE_ARCH = YES;
				PRODUCT_BUNDLE_IDENTIFIER = com.quickpeek.app;
				PRODUCT_NAME = "$(TARGET_NAME)";
				SDKROOT = macosx;
				STRING_CATALOG_GENERATE_SYMBOLS = YES;
				SWIFT_ACTIVE_COMPILATION_CONDITIONS = "DEBUG $(inherited)";
				SWIFT_EMIT_LOC_STRINGS = YES;
				SWIFT_OPTIMIZATION_LEVEL = "-Onone";
				SWIFT_VERSION = 5.0;
				TARGETED_DEVICE_FAMILY = "";
			};
			name = Debug;
		};
		YYY454545454545454545454 /* Release */ = {
			isa = XCBuildConfiguration;
			buildSettings = {
				ALWAYS_SEARCH_USER_PATHS = NO;
				CLANG_ANALYZER_LOCALIZABILITY_NONLOCALIZED = YES;
				CLANG_ANALYZER_NONNULL = YES;
				CLANG_ANALYZER_NUMBER_OBJECT_CONVERSION = YES_AGGRESSIVE;
				CLANG_CXX_LANGUAGE_STANDARD = "gnu++20";
				CLANG_ENABLE_MODULES = YES;
				CLANG_ENABLE_OBJC_ARC = YES;
				CLANG_ENABLE_OBJC_WEAK = YES;
				CLANG_WARN_BLOCK_CAPTURE_AUTORELEASING = YES;
				CLANG_WARN_BOOL_CONVERSION = YES;
				CLANG_WARN_COMMA = YES;
				CLANG_WARN_CONSTANT_CONVERSION = YES;
				CLANG_WARN_DEPRECATED_OBJC_IMPLEMENTATIONS = YES;
				CLANG_WARN_DIRECT_OBJC_ISA_USAGE = YES_ERROR;
				CLANG_WARN_DOCUMENTATION_COMMENTS = YES;
				CLANG_WARN_EMPTY_BODY = YES;
				CLANG_WARN_ENUM_CONVERSION = YES;
				CLANG_WARN_INFINITE_RECURSION = YES;
				CLANG_WARN_INT_CONVERSION = YES;
				CLANG_WARN_NON_LITERAL_NULL_CONVERSION = YES;
				CLANG_WARN_OBJC_IMPLICIT_RETAIN_SELF = YES;
				CLANG_WARN_OBJC_LITERAL_CONVERSION = YES;
				CLANG_WARN_OBJC_ROOT_CLASS = YES_ERROR;
				CLANG_WARN_QUOTED_INCLUDE_IN_FRAMEWORK_HEADER = YES;
				CLANG_WARN_RANGE_LOOP_ANALYSIS = YES;
				CLANG_WARN_STRICT_PROTOTYPES = YES;
				CLANG_WARN_SUSPICIOUS_MOVE = YES;
				CLANG_WARN_UNGUARDED_AVAILABILITY = YES_AGGRESSIVE;
				CLANG_WARN_UNREACHABLE_CODE = YES;
				CLANG_WARN__DUPLICATE_METHOD_MATCH = YES;
				CODE_SIGN_ENTITLEMENTS = QuickPeek/QuickPeek.entitlements;
				CODE_SIGN_STYLE = Automatic;
				COMBINE_HIDPI_IMAGES = YES;
				COPY_PHASE_STRIP = NO;
				DEAD_CODE_STRIPPING = YES;
				DEBUG_INFORMATION_FORMAT = "dwarf-with-dsym";
				ENABLE_NS_ASSERTIONS = NO;
				ENABLE_STRICT_OBJC_MSGSEND = YES;
				ENABLE_USER_SCRIPT_SANDBOXING = YES;
				GCC_C_LANGUAGE_STANDARD = gnu17;
				GCC_NO_COMMON_BLOCKS = YES;
				GCC_WARN_64_TO_32_BIT_CONVERSION = YES;
				GCC_WARN_ABOUT_RETURN_TYPE = YES_ERROR;
				GCC_WARN_UNDECLARED_SELECTOR = YES;
				GCC_WARN_UNINITIALIZED_AUTOS = YES_AGGRESSIVE;
				GCC_WARN_UNUSED_FUNCTION = YES;
				GCC_WARN_UNUSED_VARIABLE = YES;
				GENERATE_INFOPLIST_FILE = YES;
				INFOPLIST_FILE = QuickPeek/Info.plist;
				INFOPLIST_KEY_NSAppleEventsUsageDescription = "QuickPeek needs to communicate with Finder to get selected paths.";
				INFOPLIST_KEY_NSHighResolutionCapable = YES;
				LD_RUNPATH_SEARCH_PATHS = (
					"$(inherited)",
					"@executable_path/../Frameworks",
				);
				MACOSX_DEPLOYMENT_TARGET = 13.0;
				MTL_ENABLE_DEBUG_INFO = NO;
				MTL_FAST_MATH = YES;
				PRODUCT_BUNDLE_IDENTIFIER = com.quickpeek.app;
				PRODUCT_NAME = "$(TARGET_NAME)";
				SDKROOT = macosx;
				STRING_CATALOG_GENERATE_SYMBOLS = YES;
				SWIFT_COMPILATION_MODE = wholemodule;
				SWIFT_EMIT_LOC_STRINGS = YES;
				SWIFT_VERSION = 5.0;
				TARGETED_DEVICE_FAMILY = "";
			};
			name = Release;
		};
/* End XCBuildConfiguration section */

/* Begin XCConfigurationList section */
		RRR181818181818181818181 /* Build configuration list for PBXNativeTarget "QuickPeek" */ = {
			isa = XCConfigurationList;
			buildConfigurations = (
				VVV222222222222222222222 /* Debug */,
				WWW333333333333333333333 /* Release */,
			);
			defaultConfigurationIsVisible = 0;
			defaultConfigurationName = Release;
		};
		UUU212121212121212121212 /* Build configuration list for PBXProject "QuickPeek" */ = {
			isa = XCConfigurationList;
			buildConfigurations = (
				XXX343434343434343434343 /* Debug */,
				YYY454545454545454545454 /* Release */,
			);
			defaultConfigurationIsVisible = 0;
			defaultConfigurationName = Release;
		};
/* End XCConfigurationList section */

/* Begin XCRemoteSwiftPackageReference section */
		835FB60E2FCA94E800D2395C /* XCRemoteSwiftPackageReference "swift-markdown-ui" */ = {
			isa = XCRemoteSwiftPackageReference;
			repositoryURL = "https://github.com/gonzalezreal/swift-markdown-ui.git";
			requirement = {
				kind = upToNextMajorVersion;
				minimumVersion = 2.4.0;
			};
		};
		835FB6112FCA950400D2395C /* XCRemoteSwiftPackageReference "Highlightr" */ = {
			isa = XCRemoteSwiftPackageReference;
			repositoryURL = "https://github.com/raspu/Highlightr.git";
			requirement = {
				kind = upToNextMajorVersion;
				minimumVersion = 2.1.0;
			};
		};
/* End XCRemoteSwiftPackageReference section */

/* Begin XCSwiftPackageProductDependency section */
		835FB60F2FCA94E800D2395C /* MarkdownUI */ = {
			isa = XCSwiftPackageProductDependency;
			package = 835FB60E2FCA94E800D2395C /* XCRemoteSwiftPackageReference "swift-markdown-ui" */;
			productName = MarkdownUI;
		};
		835FB6122FCA950400D2395C /* Highlightr */ = {
			isa = XCSwiftPackageProductDependency;
			package = 835FB6112FCA950400D2395C /* XCRemoteSwiftPackageReference "Highlightr" */;
			productName = Highlightr;
		};
/* End XCSwiftPackageProductDependency section */
	};
	rootObject = TTT202020202020202020202 /* Project object */;
}